// !$*UTF8*$!
{
	archiveVersion = 1;
	classes = {
	};
	objectVersion = 50;
	objects = {

/* Begin PBXBuildFile section */
		7FB1F9BF242D866E00ACE217 /* DataProviders.framework in Frameworks */ = {isa = PBXBuildFile; fileRef = 7FB1F9B5242D866D00ACE217 /* DataProviders.framework */; };
		7FB1F9C4242D866E00ACE217 /* DataProvidersTests.swift in Sources */ = {isa = PBXBuildFile; fileRef = 7FB1F9C3242D866E00ACE217 /* DataProvidersTests.swift */; };
		7FB1F9C6242D866E00ACE217 /* DataProviders.h in Headers */ = {isa = PBXBuildFile; fileRef = 7FB1F9B8242D866D00ACE217 /* DataProviders.h */; settings = {ATTRIBUTES = (Public, ); }; };
		7FB1F9DF242D890300ACE217 /* QuickHatch.framework in Frameworks */ = {isa = PBXBuildFile; fileRef = 7FB1F9DE242D890300ACE217 /* QuickHatch.framework */; };
		7FB1F9E4242D892900ACE217 /* FetchCountryDataProvider.swift in Sources */ = {isa = PBXBuildFile; fileRef = 7FB1F9E0242D892900ACE217 /* FetchCountryDataProvider.swift */; };
		7FB1F9E5242D892900ACE217 /* FetchCountryAPI.swift in Sources */ = {isa = PBXBuildFile; fileRef = 7FB1F9E3242D892900ACE217 /* FetchCountryAPI.swift */; };
		7FB1F9F3242D89DE00ACE217 /* RestCountriesEnvironment.swift in Sources */ = {isa = PBXBuildFile; fileRef = 7FB1F9E1242D892900ACE217 /* RestCountriesEnvironment.swift */; };
		7FB1FA22242D8A6700ACE217 /* Models.framework in Frameworks */ = {isa = PBXBuildFile; fileRef = 7FB1FA1F242D8A5E00ACE217 /* Models.framework */; };
		7FB1FA23242D8A6700ACE217 /* Models.framework in Embed Frameworks */ = {isa = PBXBuildFile; fileRef = 7FB1FA1F242D8A5E00ACE217 /* Models.framework */; settings = {ATTRIBUTES = (CodeSignOnCopy, RemoveHeadersOnCopy, ); }; };
/* End PBXBuildFile section */

/* Begin PBXContainerItemProxy section */
		7FB1F9C0242D866E00ACE217 /* PBXContainerItemProxy */ = {
			isa = PBXContainerItemProxy;
			containerPortal = 7FB1F9AC242D866D00ACE217 /* Project object */;
			proxyType = 1;
			remoteGlobalIDString = 7FB1F9B4242D866D00ACE217;
			remoteInfo = DataProviders;
		};
		7FB1FA1E242D8A5E00ACE217 /* PBXContainerItemProxy */ = {
			isa = PBXContainerItemProxy;
			containerPortal = 7FB1FA19242D8A5E00ACE217 /* Models.xcodeproj */;
			proxyType = 2;
			remoteGlobalIDString = 7FB1F9FE242D8A3700ACE217;
			remoteInfo = Models;
		};
		7FB1FA20242D8A5E00ACE217 /* PBXContainerItemProxy */ = {
			isa = PBXContainerItemProxy;
			containerPortal = 7FB1FA19242D8A5E00ACE217 /* Models.xcodeproj */;
			proxyType = 2;
			remoteGlobalIDString = 7FB1FA07242D8A3700ACE217;
			remoteInfo = ModelsTests;
		};
/* End PBXContainerItemProxy section */

/* Begin PBXCopyFilesBuildPhase section */
		7FB1FA24242D8A6700ACE217 /* Embed Frameworks */ = {
			isa = PBXCopyFilesBuildPhase;
			buildActionMask = 2147483647;
			dstPath = "";
			dstSubfolderSpec = 10;
			files = (
				7FB1FA23242D8A6700ACE217 /* Models.framework in Embed Frameworks */,
			);
			name = "Embed Frameworks";
			runOnlyForDeploymentPostprocessing = 0;
		};
/* End PBXCopyFilesBuildPhase section */

/* Begin PBXFileReference section */
		7FB1F9B5242D866D00ACE217 /* DataProviders.framework */ = {isa = PBXFileReference; explicitFileType = wrapper.framework; includeInIndex = 0; path = DataProviders.framework; sourceTree = BUILT_PRODUCTS_DIR; };
		7FB1F9B8242D866D00ACE217 /* DataProviders.h */ = {isa = PBXFileReference; lastKnownFileType = sourcecode.c.h; path = DataProviders.h; sourceTree = "<group>"; };
		7FB1F9B9242D866D00ACE217 /* Info.plist */ = {isa = PBXFileReference; lastKnownFileType = text.plist.xml; path = Info.plist; sourceTree = "<group>"; };
		7FB1F9BE242D866E00ACE217 /* DataProvidersTests.xctest */ = {isa = PBXFileReference; explicitFileType = wrapper.cfbundle; includeInIndex = 0; path = DataProvidersTests.xctest; sourceTree = BUILT_PRODUCTS_DIR; };
		7FB1F9C3242D866E00ACE217 /* DataProvidersTests.swift */ = {isa = PBXFileReference; lastKnownFileType = sourcecode.swift; path = DataProvidersTests.swift; sourceTree = "<group>"; };
		7FB1F9C5242D866E00ACE217 /* Info.plist */ = {isa = PBXFileReference; lastKnownFileType = text.plist.xml; path = Info.plist; sourceTree = "<group>"; };
		7FB1F9D9242D870700ACE217 /* QuickHatch.framework */ = {isa = PBXFileReference; lastKnownFileType = wrapper.framework; name = QuickHatch.framework; path = ../Carthage/Build/iOS/QuickHatch.framework; sourceTree = "<group>"; };
		7FB1F9DE242D890300ACE217 /* QuickHatch.framework */ = {isa = PBXFileReference; lastKnownFileType = wrapper.framework; name = QuickHatch.framework; path = Carthage/Build/iOS/QuickHatch.framework; sourceTree = "<group>"; };
		7FB1F9E0242D892900ACE217 /* FetchCountryDataProvider.swift */ = {isa = PBXFileReference; lastKnownFileType = sourcecode.swift; path = FetchCountryDataProvider.swift; sourceTree = "<group>"; };
		7FB1F9E1242D892900ACE217 /* RestCountriesEnvironment.swift */ = {isa = PBXFileReference; lastKnownFileType = sourcecode.swift; path = RestCountriesEnvironment.swift; sourceTree = "<group>"; };
		7FB1F9E3242D892900ACE217 /* FetchCountryAPI.swift */ = {isa = PBXFileReference; lastKnownFileType = sourcecode.swift; path = FetchCountryAPI.swift; sourceTree = "<group>"; };
		7FB1FA19242D8A5E00ACE217 /* Models.xcodeproj */ = {isa = PBXFileReference; lastKnownFileType = "wrapper.pb-project"; name = Models.xcodeproj; path = ../../Models/Models.xcodeproj; sourceTree = "<group>"; };
/* End PBXFileReference section */

/* Begin PBXFrameworksBuildPhase section */
		7FB1F9B2242D866D00ACE217 /* Frameworks */ = {
			isa = PBXFrameworksBuildPhase;
			buildActionMask = 2147483647;
			files = (
				7FB1FA22242D8A6700ACE217 /* Models.framework in Frameworks */,
				7FB1F9DF242D890300ACE217 /* QuickHatch.framework in Frameworks */,
			);
			runOnlyForDeploymentPostprocessing = 0;
		};
		7FB1F9BB242D866E00ACE217 /* Frameworks */ = {
			isa = PBXFrameworksBuildPhase;
			buildActionMask = 2147483647;
			files = (
				7FB1F9BF242D866E00ACE217 /* DataProviders.framework in Frameworks */,
			);
			runOnlyForDeploymentPostprocessing = 0;
		};
/* End PBXFrameworksBuildPhase section */

/* Begin PBXGroup section */
		7FB1F9AB242D866D00ACE217 = {
			isa = PBXGroup;
			children = (
				7FB1FA18242D8A5000ACE217 /* Dependencies */,
				7FB1F9B7242D866D00ACE217 /* Sources */,
				7FB1F9C2242D866E00ACE217 /* Tests */,
				7FB1F9B6242D866D00ACE217 /* Products */,
				7FB1F9D8242D870700ACE217 /* Frameworks */,
			);
			sourceTree = "<group>";
		};
		7FB1F9B6242D866D00ACE217 /* Products */ = {
			isa = PBXGroup;
			children = (
				7FB1F9B5242D866D00ACE217 /* DataProviders.framework */,
				7FB1F9BE242D866E00ACE217 /* DataProvidersTests.xctest */,
			);
			name = Products;
			sourceTree = "<group>";
		};
		7FB1F9B7242D866D00ACE217 /* Sources */ = {
			isa = PBXGroup;
			children = (
				7FB1F9E2242D892900ACE217 /* Config */,
				7FB1F9E0242D892900ACE217 /* FetchCountryDataProvider.swift */,
				7FB1F9E3242D892900ACE217 /* FetchCountryAPI.swift */,
				7FB1F9B8242D866D00ACE217 /* DataProviders.h */,
				7FB1F9B9242D866D00ACE217 /* Info.plist */,
			);
			path = Sources;
			sourceTree = "<group>";
		};
		7FB1F9C2242D866E00ACE217 /* Tests */ = {
			isa = PBXGroup;
			children = (
				7FB1F9C3242D866E00ACE217 /* DataProvidersTests.swift */,
				7FB1F9C5242D866E00ACE217 /* Info.plist */,
			);
			path = Tests;
			sourceTree = "<group>";
		};
		7FB1F9D8242D870700ACE217 /* Frameworks */ = {
			isa = PBXGroup;
			children = (
				7FB1F9DE242D890300ACE217 /* QuickHatch.framework */,
				7FB1F9D9242D870700ACE217 /* QuickHatch.framework */,
			);
			name = Frameworks;
			sourceTree = "<group>";
		};
		7FB1F9E2242D892900ACE217 /* Config */ = {
			isa = PBXGroup;
			children = (
				7FB1F9E1242D892900ACE217 /* RestCountriesEnvironment.swift */,
			);
			path = Config;
			sourceTree = "<group>";
		};
		7FB1FA18242D8A5000ACE217 /* Dependencies */ = {
			isa = PBXGroup;
			children = (
				7FB1FA19242D8A5E00ACE217 /* Models.xcodeproj */,
			);
			path = Dependencies;
			sourceTree = "<group>";
		};
		7FB1FA1A242D8A5E00ACE217 /* Products */ = {
			isa = PBXGroup;
			children = (
				7FB1FA1F242D8A5E00ACE217 /* Models.framework */,
				7FB1FA21242D8A5E00ACE217 /* ModelsTests.xctest */,
			);
			name = Products;
			sourceTree = "<group>";
		};
/* End PBXGroup section */

/* Begin PBXHeadersBuildPhase section */
		7FB1F9B0242D866D00ACE217 /* Headers */ = {
			isa = PBXHeadersBuildPhase;
			buildActionMask = 2147483647;
			files = (
				7FB1F9C6242D866E00ACE217 /* DataProviders.h in Headers */,
			);
			runOnlyForDeploymentPostprocessing = 0;
		};
/* End PBXHeadersBuildPhase section */

/* Begin PBXNativeTarget section */
		7FB1F9B4242D866D00ACE217 /* DataProviders */ = {
			isa = PBXNativeTarget;
			buildConfigurationList = 7FB1F9C9242D866E00ACE217 /* Build configuration list for PBXNativeTarget "DataProviders" */;
			buildPhases = (
				7FB1F9B0242D866D00ACE217 /* Headers */,
				7FB1F9B1242D866D00ACE217 /* Sources */,
				7FB1F9B2242D866D00ACE217 /* Frameworks */,
				7FB1F9B3242D866D00ACE217 /* Resources */,
				7FB1F9DD242D870F00ACE217 /* ShellScript */,
				7FB1FA24242D8A6700ACE217 /* Embed Frameworks */,
			);
			buildRules = (
			);
			dependencies = (
			);
			name = DataProviders;
			productName = DataProviders;
			productReference = 7FB1F9B5242D866D00ACE217 /* DataProviders.framework */;
			productType = "com.apple.product-type.framework";
		};
		7FB1F9BD242D866E00ACE217 /* DataProvidersTests */ = {
			isa = PBXNativeTarget;
			buildConfigurationList = 7FB1F9CC242D866E00ACE217 /* Build configuration list for PBXNativeTarget "DataProvidersTests" */;
			buildPhases = (
				7FB1F9BA242D866E00ACE217 /* Sources */,
				7FB1F9BB242D866E00ACE217 /* Frameworks */,
				7FB1F9BC242D866E00ACE217 /* Resources */,
			);
			buildRules = (
			);
			dependencies = (
				7FB1F9C1242D866E00ACE217 /* PBXTargetDependency */,
			);
			name = DataProvidersTests;
			productName = DataProvidersTests;
			productReference = 7FB1F9BE242D866E00ACE217 /* DataProvidersTests.xctest */;
			productType = "com.apple.product-type.bundle.unit-test";
		};
/* End PBXNativeTarget section */

/* Begin PBXProject section */
		7FB1F9AC242D866D00ACE217 /* Project object */ = {
			isa = PBXProject;
			attributes = {
				LastSwiftUpdateCheck = 1130;
				LastUpgradeCheck = 1130;
				ORGANIZATIONNAME = "Daniel Koster";
				TargetAttributes = {
					7FB1F9B4242D866D00ACE217 = {
						CreatedOnToolsVersion = 11.3.1;
					};
					7FB1F9BD242D866E00ACE217 = {
						CreatedOnToolsVersion = 11.3.1;
					};
				};
			};
			buildConfigurationList = 7FB1F9AF242D866D00ACE217 /* Build configuration list for PBXProject "DataProviders" */;
			compatibilityVersion = "Xcode 9.3";
			developmentRegion = en;
			hasScannedForEncodings = 0;
			knownRegions = (
				en,
				Base,
			);
			mainGroup = 7FB1F9AB242D866D00ACE217;
			productRefGroup = 7FB1F9B6242D866D00ACE217 /* Products */;
			projectDirPath = "";
			projectReferences = (
				{
					ProductGroup = 7FB1FA1A242D8A5E00ACE217 /* Products */;
					ProjectRef = 7FB1FA19242D8A5E00ACE217 /* Models.xcodeproj */;
				},
			);
			projectRoot = "";
			targets = (
				7FB1F9B4242D866D00ACE217 /* DataProviders */,
				7FB1F9BD242D866E00ACE217 /* DataProvidersTests */,
			);
		};
/* End PBXProject section */

/* Begin PBXReferenceProxy section */
		7FB1FA1F242D8A5E00ACE217 /* Models.framework */ = {
			isa = PBXReferenceProxy;
			fileType = wrapper.framework;
			path = Models.framework;
			remoteRef = 7FB1FA1E242D8A5E00ACE217 /* PBXContainerItemProxy */;
			sourceTree = BUILT_PRODUCTS_DIR;
		};
		7FB1FA21242D8A5E00ACE217 /* ModelsTests.xctest */ = {
			isa = PBXReferenceProxy;
			fileType = wrapper.cfbundle;
			path = ModelsTests.xctest;
			remoteRef = 7FB1FA20242D8A5E00ACE217 /* PBXContainerItemProxy */;
			sourceTree = BUILT_PRODUCTS_DIR;
		};
/* End PBXReferenceProxy section */

/* Begin PBXResourcesBuildPhase section */
		7FB1F9B3242D866D00ACE217 /* Resources */ = {
			isa = PBXResourcesBuildPhase;
			buildActionMask = 2147483647;
			files = (
			);
			runOnlyForDeploymentPostprocessing = 0;
		};
		7FB1F9BC242D866E00ACE217 /* Resources */ = {
			isa = PBXResourcesBuildPhase;
			buildActionMask = 2147483647;
			files = (
			);
			runOnlyForDeploymentPostprocessing = 0;
		};
/* End PBXResourcesBuildPhase section */

/* Begin PBXShellScriptBuildPhase section */
		7FB1F9DD242D870F00ACE217 /* ShellScript */ = {
			isa = PBXShellScriptBuildPhase;
			buildActionMask = 2147483647;
			files = (
			);
			inputFileListPaths = (
			);
			inputPaths = (
				"$(SRCROOT)/Carthage/Build/iOS/QuickHatch.framework",
			);
			outputFileListPaths = (
			);
			outputPaths = (
			);
			runOnlyForDeploymentPostprocessing = 0;
			shellPath = /bin/sh;
			shellScript = "/usr/local/bin/carthage copy-frameworks\n";
		};
/* End PBXShellScriptBuildPhase section */

/* Begin PBXSourcesBuildPhase section */
		7FB1F9B1242D866D00ACE217 /* Sources */ = {
			isa = PBXSourcesBuildPhase;
			buildActionMask = 2147483647;
			files = (
				7FB1F9F3242D89DE00ACE217 /* RestCountriesEnvironment.swift in Sources */,
				7FB1F9E5242D892900ACE217 /* FetchCountryAPI.swift in Sources */,
				7FB1F9E4242D892900ACE217 /* FetchCountryDataProvider.swift in Sources */,
			);
			runOnlyForDeploymentPostprocessing = 0;
		};
		7FB1F9BA242D866E00ACE217 /* Sources */ = {
			isa = PBXSourcesBuildPhase;
			buildActionMask = 2147483647;
			files = (
				7FB1F9C4242D866E00ACE217 /* DataProvidersTests.swift in Sources */,
			);
			runOnlyForDeploymentPostprocessing = 0;
		};
/* End PBXSourcesBuildPhase section */

/* Begin PBXTargetDependency section */
		7FB1F9C1242D866E00ACE217 /* PBXTargetDependency */ = {
			isa = PBXTargetDependency;
			target = 7FB1F9B4242D866D00ACE217 /* DataProviders */;
			targetProxy = 7FB1F9C0242D866E00ACE217 /* PBXContainerItemProxy */;
		};
/* End PBXTargetDependency section */

/* Begin XCBuildConfiguration section */
		7FB1F9C7242D866E00ACE217 /* Debug */ = {
			isa = XCBuildConfiguration;
			buildSettings = {
				ALWAYS_SEARCH_USER_PATHS = NO;
				CLANG_ANALYZER_NONNULL = YES;
				CLANG_ANALYZER_NUMBER_OBJECT_CONVERSION = YES_AGGRESSIVE;
				CLANG_CXX_LANGUAGE_STANDARD = "gnu++14";
				CLANG_CXX_LIBRARY = "libc++";
				CLANG_ENABLE_MODULES = YES;
				CLANG_ENABLE_OBJC_ARC = YES;
				CLANG_ENABLE_OBJC_WEAK = YES;
				CLANG_WARN_BLOCK_CAPTURE_AUTORELEASING = YES;
				CLANG_WARN_BOOL_CONVERSION = YES;
				CLANG_WARN_COMMA = YES;
				CLANG_WARN_CONSTANT_CONVERSION = YES;
				CLANG_WARN_DEPRECATED_OBJC_IMPLEMENTATIONS = YES;
				CLANG_WARN_DIRECT_OBJC_ISA_USAGE = YES_ERROR;
				CLANG_WARN_DOCUMENTATION_COMMENTS = YES;
				CLANG_WARN_EMPTY_BODY = YES;
				CLANG_WARN_ENUM_CONVERSION = YES;
				CLANG_WARN_INFINITE_RECURSION = YES;
				CLANG_WARN_INT_CONVERSION = YES;
				CLANG_WARN_NON_LITERAL_NULL_CONVERSION = YES;
				CLANG_WARN_OBJC_IMPLICIT_RETAIN_SELF = YES;
				CLANG_WARN_OBJC_LITERAL_CONVERSION = YES;
				CLANG_WARN_OBJC_ROOT_CLASS = YES_ERROR;
				CLANG_WARN_RANGE_LOOP_ANALYSIS = YES;
				CLANG_WARN_STRICT_PROTOTYPES = YES;
				CLANG_WARN_SUSPICIOUS_MOVE = YES;
				CLANG_WARN_UNGUARDED_AVAILABILITY = YES_AGGRESSIVE;
				CLANG_WARN_UNREACHABLE_CODE = YES;
				CLANG_WARN__DUPLICATE_METHOD_MATCH = YES;
				COPY_PHASE_STRIP = NO;
				CURRENT_PROJECT_VERSION = 1;
				DEBUG_INFORMATION_FORMAT = dwarf;
				ENABLE_STRICT_OBJC_MSGSEND = YES;
				ENABLE_TESTABILITY = YES;
				GCC_C_LANGUAGE_STANDARD = gnu11;
				GCC_DYNAMIC_NO_PIC = NO;
				GCC_NO_COMMON_BLOCKS = YES;
				GCC_OPTIMIZATION_LEVEL = 0;
				GCC_PREPROCESSOR_DEFINITIONS = (
					"DEBUG=1",
					"$(inherited)",
				);
				GCC_WARN_64_TO_32_BIT_CONVERSION = YES;
				GCC_WARN_ABOUT_RETURN_TYPE = YES_ERROR;
				GCC_WARN_UNDECLARED_SELECTOR = YES;
				GCC_WARN_UNINITIALIZED_AUTOS = YES_AGGRESSIVE;
				GCC_WARN_UNUSED_FUNCTION = YES;
				GCC_WARN_UNUSED_VARIABLE = YES;
				IPHONEOS_DEPLOYMENT_TARGET = 13.2;
				MTL_ENABLE_DEBUG_INFO = INCLUDE_SOURCE;
				MTL_FAST_MATH = YES;
				ONLY_ACTIVE_ARCH = YES;
				SDKROOT = iphoneos;
				SWIFT_ACTIVE_COMPILATION_CONDITIONS = DEBUG;
				SWIFT_OPTIMIZATION_LEVEL = "-Onone";
				VERSIONING_SYSTEM = "apple-generic";
				VERSION_INFO_PREFIX = "";
			};
			name = Debug;
		};
		7FB1F9C8242D866E00ACE217 /* Release */ = {
			isa = XCBuildConfiguration;
			buildSettings = {
				ALWAYS_SEARCH_USER_PATHS = NO;
				CLANG_ANALYZER_NONNULL = YES;
				CLANG_ANALYZER_NUMBER_OBJECT_CONVERSION = YES_AGGRESSIVE;
				CLANG_CXX_LANGUAGE_STANDARD = "gnu++14";
				CLANG_CXX_LIBRARY = "libc++";
				CLANG_ENABLE_MODULES = YES;
				CLANG_ENABLE_OBJC_ARC = YES;
				CLANG_ENABLE_OBJC_WEAK = YES;
				CLANG_WARN_BLOCK_CAPTURE_AUTORELEASING = YES;
				CLANG_WARN_BOOL_CONVERSION = YES;
				CLANG_WARN_COMMA = YES;
				CLANG_WARN_CONSTANT_CONVERSION = YES;
				CLANG_WARN_DEPRECATED_OBJC_IMPLEMENTATIONS = YES;
				CLANG_WARN_DIRECT_OBJC_ISA_USAGE = YES_ERROR;
				CLANG_WARN_DOCUMENTATION_COMMENTS = YES;
				CLANG_WARN_EMPTY_BODY = YES;
				CLANG_WARN_ENUM_CONVERSION = YES;
				CLANG_WARN_INFINITE_RECURSION = YES;
				CLANG_WARN_INT_CONVERSION = YES;
				CLANG_WARN_NON_LITERAL_NULL_CONVERSION = YES;
				CLANG_WARN_OBJC_IMPLICIT_RETAIN_SELF = YES;
				CLANG_WARN_OBJC_LITERAL_CONVERSION = YES;
				CLANG_WARN_OBJC_ROOT_CLASS = YES_ERROR;
				CLANG_WARN_RANGE_LOOP_ANALYSIS = YES;
				CLANG_WARN_STRICT_PROTOTYPES = YES;
				CLANG_WARN_SUSPICIOUS_MOVE = YES;
				CLANG_WARN_UNGUARDED_AVAILABILITY = YES_AGGRESSIVE;
				CLANG_WARN_UNREACHABLE_CODE = YES;
				CLANG_WARN__DUPLICATE_METHOD_MATCH = YES;
				COPY_PHASE_STRIP = NO;
				CURRENT_PROJECT_VERSION = 1;
				DEBUG_INFORMATION_FORMAT = "dwarf-with-dsym";
				ENABLE_NS_ASSERTIONS = NO;
				ENABLE_STRICT_OBJC_MSGSEND = YES;
				GCC_C_LANGUAGE_STANDARD = gnu11;
				GCC_NO_COMMON_BLOCKS = YES;
				GCC_WARN_64_TO_32_BIT_CONVERSION = YES;
				GCC_WARN_ABOUT_RETURN_TYPE = YES_ERROR;
				GCC_WARN_UNDECLARED_SELECTOR = YES;
				GCC_WARN_UNINITIALIZED_AUTOS = YES_AGGRESSIVE;
				GCC_WARN_UNUSED_FUNCTION = YES;
				GCC_WARN_UNUSED_VARIABLE = YES;
				IPHONEOS_DEPLOYMENT_TARGET = 13.2;
				MTL_ENABLE_DEBUG_INFO = NO;
				MTL_FAST_MATH = YES;
				SDKROOT = iphoneos;
				SWIFT_COMPILATION_MODE = wholemodule;
				SWIFT_OPTIMIZATION_LEVEL = "-O";
				VALIDATE_PRODUCT = YES;
				VERSIONING_SYSTEM = "apple-generic";
				VERSION_INFO_PREFIX = "";
			};
			name = Release;
		};
		7FB1F9CA242D866E00ACE217 /* Debug */ = {
			isa = XCBuildConfiguration;
			buildSettings = {
				CODE_SIGN_STYLE = Automatic;
				DEFINES_MODULE = YES;
				DYLIB_COMPATIBILITY_VERSION = 1;
				DYLIB_CURRENT_VERSION = 1;
				DYLIB_INSTALL_NAME_BASE = "@rpath";
				FRAMEWORK_SEARCH_PATHS = (
					"$(inherited)",
					"$(PROJECT_DIR)/Carthage/Build/iOS",
				);
				INFOPLIST_FILE = Sources/Info.plist;
				INSTALL_PATH = "$(LOCAL_LIBRARY_DIR)/Frameworks";
				LD_RUNPATH_SEARCH_PATHS = (
					"$(inherited)",
					"@executable_path/Frameworks",
					"@loader_path/Frameworks",
				);
				PRODUCT_BUNDLE_IDENTIFIER = com.dk.DataProviders;
				PRODUCT_NAME = "$(TARGET_NAME:c99extidentifier)";
				SKIP_INSTALL = YES;
				SWIFT_VERSION = 5.0;
				TARGETED_DEVICE_FAMILY = "1,2";
			};
			name = Debug;
		};
		7FB1F9CB242D866E00ACE217 /* Release */ = {
			isa = XCBuildConfiguration;
			buildSettings = {
				CODE_SIGN_STYLE = Automatic;
				DEFINES_MODULE = YES;
				DYLIB_COMPATIBILITY_VERSION = 1;
				DYLIB_CURRENT_VERSION = 1;
				DYLIB_INSTALL_NAME_BASE = "@rpath";
				FRAMEWORK_SEARCH_PATHS = (
					"$(inherited)",
					"$(PROJECT_DIR)/Carthage/Build/iOS",
				);
				INFOPLIST_FILE = Sources/Info.plist;
				INSTALL_PATH = "$(LOCAL_LIBRARY_DIR)/Frameworks";
				LD_RUNPATH_SEARCH_PATHS = (
					"$(inherited)",
					"@executable_path/Frameworks",
					"@loader_path/Frameworks",
				);
				PRODUCT_BUNDLE_IDENTIFIER = com.dk.DataProviders;
				PRODUCT_NAME = "$(TARGET_NAME:c99extidentifier)";
				SKIP_INSTALL = YES;
				SWIFT_VERSION = 5.0;
				TARGETED_DEVICE_FAMILY = "1,2";
			};
			name = Release;
		};
		7FB1F9CD242D866E00ACE217 /* Debug */ = {
			isa = XCBuildConfiguration;
			buildSettings = {
				ALWAYS_EMBED_SWIFT_STANDARD_LIBRARIES = YES;
				CODE_SIGN_STYLE = Automatic;
				INFOPLIST_FILE = Tests/Info.plist;
				LD_RUNPATH_SEARCH_PATHS = (
					"$(inherited)",
					"@executable_path/Frameworks",
					"@loader_path/Frameworks",
				);
				PRODUCT_BUNDLE_IDENTIFIER = com.dk.DataProvidersTests;
				PRODUCT_NAME = "$(TARGET_NAME)";
				SWIFT_VERSION = 5.0;
				TARGETED_DEVICE_FAMILY = "1,2";
			};
			name = Debug;
		};
		7FB1F9CE242D866E00ACE217 /* Release */ = {
			isa = XCBuildConfiguration;
			buildSettings = {
				ALWAYS_EMBED_SWIFT_STANDARD_LIBRARIES = YES;
				CODE_SIGN_STYLE = Automatic;
				INFOPLIST_FILE = Tests/Info.plist;
				LD_RUNPATH_SEARCH_PATHS = (
					"$(inherited)",
					"@executable_path/Frameworks",
					"@loader_path/Frameworks",
				);
				PRODUCT_BUNDLE_IDENTIFIER = com.dk.DataProvidersTests;
				PRODUCT_NAME = "$(TARGET_NAME)";
				SWIFT_VERSION = 5.0;
				TARGETED_DEVICE_FAMILY = "1,2";
			};
			name = Release;
		};
/* End XCBuildConfiguration section */

/* Begin XCConfigurationList section */
		7FB1F9AF242D866D00ACE217 /* Build configuration list for PBXProject "DataProviders" */ = {
			isa = XCConfigurationList;
			buildConfigurations = (
				7FB1F9C7242D866E00ACE217 /* Debug */,
				7FB1F9C8242D866E00ACE217 /* Release */,
			);
			defaultConfigurationIsVisible = 0;
			defaultConfigurationName = Release;
		};
		7FB1F9C9242D866E00ACE217 /* Build configuration list for PBXNativeTarget "DataProviders" */ = {
			isa = XCConfigurationList;
			buildConfigurations = (
				7FB1F9CA242D866E00ACE217 /* Debug */,
				7FB1F9CB242D866E00ACE217 /* Release */,
			);
			defaultConfigurationIsVisible = 0;
			defaultConfigurationName = Release;
		};
		7FB1F9CC242D866E00ACE217 /* Build configuration list for PBXNativeTarget "DataProvidersTests" */ = {
			isa = XCConfigurationList;
			buildConfigurations = (
				7FB1F9CD242D866E00ACE217 /* Debug */,
				7FB1F9CE242D866E00ACE217 /* Release */,
			);
			defaultConfigurationIsVisible = 0;
			defaultConfigurationName = Release;
		};
/* End XCConfigurationList section */
	};
	rootObject = 7FB1F9AC242D866D00ACE217 /* Project object */;
}
