// !$*UTF8*$!
{
	archiveVersion = 1;
	classes = {
	};
	objectVersion = 50;
	objects = {

/* Begin PBXBuildFile section */
		7FB1FA47242D8BE500ACE217 /* Presenters.framework in Frameworks */ = {isa = PBXBuildFile; fileRef = 7FB1FA3D242D8BE500ACE217 /* Presenters.framework */; };
		7FB1FA4C242D8BE500ACE217 /* PresentersTests.swift in Sources */ = {isa = PBXBuildFile; fileRef = 7FB1FA4B242D8BE500ACE217 /* PresentersTests.swift */; };
		7FB1FA4E242D8BE500ACE217 /* Presenters.h in Headers */ = {isa = PBXBuildFile; fileRef = 7FB1FA40242D8BE500ACE217 /* Presenters.h */; settings = {ATTRIBUTES = (Public, ); }; };
		7FB1FA6B242D8C3500ACE217 /* DataProviders.framework in Frameworks */ = {isa = PBXBuildFile; fileRef = 7FB1FA67242D8C2B00ACE217 /* DataProviders.framework */; };
		7FB1FA6C242D8C3500ACE217 /* DataProviders.framework in Embed Frameworks */ = {isa = PBXBuildFile; fileRef = 7FB1FA67242D8C2B00ACE217 /* DataProviders.framework */; settings = {ATTRIBUTES = (CodeSignOnCopy, RemoveHeadersOnCopy, ); }; };
		7FB1FA6D242D8C3500ACE217 /* Models.framework in Frameworks */ = {isa = PBXBuildFile; fileRef = 7FB1FA5E242D8C1E00ACE217 /* Models.framework */; };
		7FB1FA6E242D8C3500ACE217 /* Models.framework in Embed Frameworks */ = {isa = PBXBuildFile; fileRef = 7FB1FA5E242D8C1E00ACE217 /* Models.framework */; settings = {ATTRIBUTES = (CodeSignOnCopy, RemoveHeadersOnCopy, ); }; };
		7FB1FA71242D8C4B00ACE217 /* CountriesCollectionPresenter.swift in Sources */ = {isa = PBXBuildFile; fileRef = 7FB1FA70242D8C4B00ACE217 /* CountriesCollectionPresenter.swift */; };
		7FB1FA7D242D8CEB00ACE217 /* PresentersFactory.swift in Sources */ = {isa = PBXBuildFile; fileRef = 7FB1FA7C242D8CEB00ACE217 /* PresentersFactory.swift */; };
		7FF6DEE72447C44E000E33DA /* CountryDetailPresenter.swift in Sources */ = {isa = PBXBuildFile; fileRef = 7FF6DEE62447C44E000E33DA /* CountryDetailPresenter.swift */; };
		7FF6DF072447C9B1000E33DA /* DataProvidersMocks.framework in Frameworks */ = {isa = PBXBuildFile; fileRef = 7FF6DF062447C9B1000E33DA /* DataProvidersMocks.framework */; };
		7FF6DF092447C9E1000E33DA /* CountriesCollectionPresenterTests.swift in Sources */ = {isa = PBXBuildFile; fileRef = 7FF6DF082447C9E1000E33DA /* CountriesCollectionPresenterTests.swift */; };
		7FF6DF0B2447CA43000E33DA /* CountriesCollectionViewMock.swift in Sources */ = {isa = PBXBuildFile; fileRef = 7FF6DF0A2447CA43000E33DA /* CountriesCollectionViewMock.swift */; };
		7FF6DF0D2447CC95000E33DA /* Countries.json in Resources */ = {isa = PBXBuildFile; fileRef = 7FF6DF0C2447CC95000E33DA /* Countries.json */; };
		7FF6DF0F2447D123000E33DA /* CountryDetailPresenterTests.swift in Sources */ = {isa = PBXBuildFile; fileRef = 7FF6DF0E2447D123000E33DA /* CountryDetailPresenterTests.swift */; };
/* End PBXBuildFile section */

/* Begin PBXContainerItemProxy section */
		7FB1FA48242D8BE500ACE217 /* PBXContainerItemProxy */ = {
			isa = PBXContainerItemProxy;
			containerPortal = 7FB1FA34242D8BE500ACE217 /* Project object */;
			proxyType = 1;
			remoteGlobalIDString = 7FB1FA3C242D8BE500ACE217;
			remoteInfo = Presenters;
		};
		7FB1FA5D242D8C1E00ACE217 /* PBXContainerItemProxy */ = {
			isa = PBXContainerItemProxy;
			containerPortal = 7FB1FA58242D8C1E00ACE217 /* Models.xcodeproj */;
			proxyType = 2;
			remoteGlobalIDString = 7FB1F9FE242D8A3700ACE217;
			remoteInfo = Models;
		};
		7FB1FA5F242D8C1E00ACE217 /* PBXContainerItemProxy */ = {
			isa = PBXContainerItemProxy;
			containerPortal = 7FB1FA58242D8C1E00ACE217 /* Models.xcodeproj */;
			proxyType = 2;
			remoteGlobalIDString = 7FB1FA07242D8A3700ACE217;
			remoteInfo = ModelsTests;
		};
		7FB1FA66242D8C2B00ACE217 /* PBXContainerItemProxy */ = {
			isa = PBXContainerItemProxy;
			containerPortal = 7FB1FA61242D8C2B00ACE217 /* DataProviders.xcodeproj */;
			proxyType = 2;
			remoteGlobalIDString = 7FB1F9B5242D866D00ACE217;
			remoteInfo = DataProviders;
		};
		7FB1FA68242D8C2B00ACE217 /* PBXContainerItemProxy */ = {
			isa = PBXContainerItemProxy;
			containerPortal = 7FB1FA61242D8C2B00ACE217 /* DataProviders.xcodeproj */;
			proxyType = 2;
			remoteGlobalIDString = 7FB1F9BE242D866E00ACE217;
			remoteInfo = DataProvidersTests;
		};
		7FF6DF052447C9B1000E33DA /* PBXContainerItemProxy */ = {
			isa = PBXContainerItemProxy;
			containerPortal = 7FB1FA61242D8C2B00ACE217 /* DataProviders.xcodeproj */;
			proxyType = 2;
			remoteGlobalIDString = 7FF6DEF12447C884000E33DA;
			remoteInfo = DataProvidersMocks;
		};
/* End PBXContainerItemProxy section */

/* Begin PBXCopyFilesBuildPhase section */
		7FB1FA6F242D8C3500ACE217 /* Embed Frameworks */ = {
			isa = PBXCopyFilesBuildPhase;
			buildActionMask = 2147483647;
			dstPath = "";
			dstSubfolderSpec = 10;
			files = (
				7FB1FA6E242D8C3500ACE217 /* Models.framework in Embed Frameworks */,
				7FB1FA6C242D8C3500ACE217 /* DataProviders.framework in Embed Frameworks */,
			);
			name = "Embed Frameworks";
			runOnlyForDeploymentPostprocessing = 0;
		};
/* End PBXCopyFilesBuildPhase section */

/* Begin PBXFileReference section */
		7FB1FA3D242D8BE500ACE217 /* Presenters.framework */ = {isa = PBXFileReference; explicitFileType = wrapper.framework; includeInIndex = 0; path = Presenters.framework; sourceTree = BUILT_PRODUCTS_DIR; };
		7FB1FA40242D8BE500ACE217 /* Presenters.h */ = {isa = PBXFileReference; lastKnownFileType = sourcecode.c.h; path = Presenters.h; sourceTree = "<group>"; };
		7FB1FA41242D8BE500ACE217 /* Info.plist */ = {isa = PBXFileReference; lastKnownFileType = text.plist.xml; path = Info.plist; sourceTree = "<group>"; };
		7FB1FA46242D8BE500ACE217 /* PresentersTests.xctest */ = {isa = PBXFileReference; explicitFileType = wrapper.cfbundle; includeInIndex = 0; path = PresentersTests.xctest; sourceTree = BUILT_PRODUCTS_DIR; };
		7FB1FA4B242D8BE500ACE217 /* PresentersTests.swift */ = {isa = PBXFileReference; lastKnownFileType = sourcecode.swift; path = PresentersTests.swift; sourceTree = "<group>"; };
		7FB1FA4D242D8BE500ACE217 /* Info.plist */ = {isa = PBXFileReference; lastKnownFileType = text.plist.xml; path = Info.plist; sourceTree = "<group>"; };
		7FB1FA58242D8C1E00ACE217 /* Models.xcodeproj */ = {isa = PBXFileReference; lastKnownFileType = "wrapper.pb-project"; name = Models.xcodeproj; path = ../../Models/Models.xcodeproj; sourceTree = "<group>"; };
		7FB1FA61242D8C2B00ACE217 /* DataProviders.xcodeproj */ = {isa = PBXFileReference; lastKnownFileType = "wrapper.pb-project"; name = DataProviders.xcodeproj; path = ../../DataProviders/DataProviders.xcodeproj; sourceTree = "<group>"; };
		7FB1FA70242D8C4B00ACE217 /* CountriesCollectionPresenter.swift */ = {isa = PBXFileReference; lastKnownFileType = sourcecode.swift; path = CountriesCollectionPresenter.swift; sourceTree = "<group>"; };
		7FB1FA7C242D8CEB00ACE217 /* PresentersFactory.swift */ = {isa = PBXFileReference; lastKnownFileType = sourcecode.swift; path = PresentersFactory.swift; sourceTree = "<group>"; };
		7FF6DEE62447C44E000E33DA /* CountryDetailPresenter.swift */ = {isa = PBXFileReference; lastKnownFileType = sourcecode.swift; path = CountryDetailPresenter.swift; sourceTree = "<group>"; };
		7FF6DF082447C9E1000E33DA /* CountriesCollectionPresenterTests.swift */ = {isa = PBXFileReference; lastKnownFileType = sourcecode.swift; path = CountriesCollectionPresenterTests.swift; sourceTree = "<group>"; };
		7FF6DF0A2447CA43000E33DA /* CountriesCollectionViewMock.swift */ = {isa = PBXFileReference; lastKnownFileType = sourcecode.swift; path = CountriesCollectionViewMock.swift; sourceTree = "<group>"; };
		7FF6DF0C2447CC95000E33DA /* Countries.json */ = {isa = PBXFileReference; lastKnownFileType = text.json; path = Countries.json; sourceTree = "<group>"; };
		7FF6DF0E2447D123000E33DA /* CountryDetailPresenterTests.swift */ = {isa = PBXFileReference; lastKnownFileType = sourcecode.swift; path = CountryDetailPresenterTests.swift; sourceTree = "<group>"; };
/* End PBXFileReference section */

/* Begin PBXFrameworksBuildPhase section */
		7FB1FA3A242D8BE500ACE217 /* Frameworks */ = {
			isa = PBXFrameworksBuildPhase;
			buildActionMask = 2147483647;
			files = (
				7FB1FA6D242D8C3500ACE217 /* Models.framework in Frameworks */,
				7FB1FA6B242D8C3500ACE217 /* DataProviders.framework in Frameworks */,
			);
			runOnlyForDeploymentPostprocessing = 0;
		};
		7FB1FA43242D8BE500ACE217 /* Frameworks */ = {
			isa = PBXFrameworksBuildPhase;
			buildActionMask = 2147483647;
			files = (
				7FF6DF072447C9B1000E33DA /* DataProvidersMocks.framework in Frameworks */,
				7FB1FA47242D8BE500ACE217 /* Presenters.framework in Frameworks */,
			);
			runOnlyForDeploymentPostprocessing = 0;
		};
/* End PBXFrameworksBuildPhase section */

/* Begin PBXGroup section */
		7FB1FA33242D8BE500ACE217 = {
			isa = PBXGroup;
			children = (
				7FB1FA57242D8BFD00ACE217 /* Dependencies */,
				7FB1FA3F242D8BE500ACE217 /* Sources */,
				7FB1FA4A242D8BE500ACE217 /* Tests */,
				7FB1FA3E242D8BE500ACE217 /* Products */,
				7FB1FA6A242D8C3500ACE217 /* Frameworks */,
			);
			sourceTree = "<group>";
		};
		7FB1FA3E242D8BE500ACE217 /* Products */ = {
			isa = PBXGroup;
			children = (
				7FB1FA3D242D8BE500ACE217 /* Presenters.framework */,
				7FB1FA46242D8BE500ACE217 /* PresentersTests.xctest */,
			);
			name = Products;
			sourceTree = "<group>";
		};
		7FB1FA3F242D8BE500ACE217 /* Sources */ = {
			isa = PBXGroup;
			children = (
				7FB1FA7C242D8CEB00ACE217 /* PresentersFactory.swift */,
				7FB1FA70242D8C4B00ACE217 /* CountriesCollectionPresenter.swift */,
				7FB1FA40242D8BE500ACE217 /* Presenters.h */,
				7FB1FA41242D8BE500ACE217 /* Info.plist */,
				7FF6DEE62447C44E000E33DA /* CountryDetailPresenter.swift */,
			);
			path = Sources;
			sourceTree = "<group>";
		};
		7FB1FA4A242D8BE500ACE217 /* Tests */ = {
			isa = PBXGroup;
			children = (
				7FB1FA4B242D8BE500ACE217 /* PresentersTests.swift */,
				7FB1FA4D242D8BE500ACE217 /* Info.plist */,
				7FF6DF082447C9E1000E33DA /* CountriesCollectionPresenterTests.swift */,
				7FF6DF0A2447CA43000E33DA /* CountriesCollectionViewMock.swift */,
				7FF6DF0C2447CC95000E33DA /* Countries.json */,
				7FF6DF0E2447D123000E33DA /* CountryDetailPresenterTests.swift */,
			);
			path = Tests;
			sourceTree = "<group>";
		};
		7FB1FA57242D8BFD00ACE217 /* Dependencies */ = {
			isa = PBXGroup;
			children = (
				7FB1FA61242D8C2B00ACE217 /* DataProviders.xcodeproj */,
				7FB1FA58242D8C1E00ACE217 /* Models.xcodeproj */,
			);
			path = Dependencies;
			sourceTree = "<group>";
		};
		7FB1FA59242D8C1E00ACE217 /* Products */ = {
			isa = PBXGroup;
			children = (
				7FB1FA5E242D8C1E00ACE217 /* Models.framework */,
				7FB1FA60242D8C1E00ACE217 /* ModelsTests.xctest */,
			);
			name = Products;
			sourceTree = "<group>";
		};
		7FB1FA62242D8C2B00ACE217 /* Products */ = {
			isa = PBXGroup;
			children = (
				7FB1FA67242D8C2B00ACE217 /* DataProviders.framework */,
				7FB1FA69242D8C2B00ACE217 /* DataProvidersTests.xctest */,
				7FF6DF062447C9B1000E33DA /* DataProvidersMocks.framework */,
			);
			name = Products;
			sourceTree = "<group>";
		};
		7FB1FA6A242D8C3500ACE217 /* Frameworks */ = {
			isa = PBXGroup;
			children = (
			);
			name = Frameworks;
			sourceTree = "<group>";
		};
/* End PBXGroup section */

/* Begin PBXHeadersBuildPhase section */
		7FB1FA38242D8BE500ACE217 /* Headers */ = {
			isa = PBXHeadersBuildPhase;
			buildActionMask = 2147483647;
			files = (
				7FB1FA4E242D8BE500ACE217 /* Presenters.h in Headers */,
			);
			runOnlyForDeploymentPostprocessing = 0;
		};
/* End PBXHeadersBuildPhase section */

/* Begin PBXNativeTarget section */
		7FB1FA3C242D8BE500ACE217 /* Presenters */ = {
			isa = PBXNativeTarget;
			buildConfigurationList = 7FB1FA51242D8BE500ACE217 /* Build configuration list for PBXNativeTarget "Presenters" */;
			buildPhases = (
				7FB1FA38242D8BE500ACE217 /* Headers */,
				7FB1FA39242D8BE500ACE217 /* Sources */,
				7FB1FA3A242D8BE500ACE217 /* Frameworks */,
				7FB1FA3B242D8BE500ACE217 /* Resources */,
				7FB1FA6F242D8C3500ACE217 /* Embed Frameworks */,
			);
			buildRules = (
			);
			dependencies = (
			);
			name = Presenters;
			productName = Presenters;
			productReference = 7FB1FA3D242D8BE500ACE217 /* Presenters.framework */;
			productType = "com.apple.product-type.framework";
		};
		7FB1FA45242D8BE500ACE217 /* PresentersTests */ = {
			isa = PBXNativeTarget;
			buildConfigurationList = 7FB1FA54242D8BE500ACE217 /* Build configuration list for PBXNativeTarget "PresentersTests" */;
			buildPhases = (
				7FB1FA42242D8BE500ACE217 /* Sources */,
				7FB1FA43242D8BE500ACE217 /* Frameworks */,
				7FB1FA44242D8BE500ACE217 /* Resources */,
			);
			buildRules = (
			);
			dependencies = (
				7FB1FA49242D8BE500ACE217 /* PBXTargetDependency */,
			);
			name = PresentersTests;
			productName = PresentersTests;
			productReference = 7FB1FA46242D8BE500ACE217 /* PresentersTests.xctest */;
			productType = "com.apple.product-type.bundle.unit-test";
		};
/* End PBXNativeTarget section */

/* Begin PBXProject section */
		7FB1FA34242D8BE500ACE217 /* Project object */ = {
			isa = PBXProject;
			attributes = {
				LastSwiftUpdateCheck = 1130;
				LastUpgradeCheck = 1130;
				ORGANIZATIONNAME = "Daniel Koster";
				TargetAttributes = {
					7FB1FA3C242D8BE500ACE217 = {
						CreatedOnToolsVersion = 11.3.1;
					};
					7FB1FA45242D8BE500ACE217 = {
						CreatedOnToolsVersion = 11.3.1;
					};
				};
			};
			buildConfigurationList = 7FB1FA37242D8BE500ACE217 /* Build configuration list for PBXProject "Presenters" */;
			compatibilityVersion = "Xcode 9.3";
			developmentRegion = en;
			hasScannedForEncodings = 0;
			knownRegions = (
				en,
				Base,
			);
			mainGroup = 7FB1FA33242D8BE500ACE217;
			productRefGroup = 7FB1FA3E242D8BE500ACE217 /* Products */;
			projectDirPath = "";
			projectReferences = (
				{
					ProductGroup = 7FB1FA62242D8C2B00ACE217 /* Products */;
					ProjectRef = 7FB1FA61242D8C2B00ACE217 /* DataProviders.xcodeproj */;
				},
				{
					ProductGroup = 7FB1FA59242D8C1E00ACE217 /* Products */;
					ProjectRef = 7FB1FA58242D8C1E00ACE217 /* Models.xcodeproj */;
				},
			);
			projectRoot = "";
			targets = (
				7FB1FA3C242D8BE500ACE217 /* Presenters */,
				7FB1FA45242D8BE500ACE217 /* PresentersTests */,
			);
		};
/* End PBXProject section */

/* Begin PBXReferenceProxy section */
		7FB1FA5E242D8C1E00ACE217 /* Models.framework */ = {
			isa = PBXReferenceProxy;
			fileType = wrapper.framework;
			path = Models.framework;
			remoteRef = 7FB1FA5D242D8C1E00ACE217 /* PBXContainerItemProxy */;
			sourceTree = BUILT_PRODUCTS_DIR;
		};
		7FB1FA60242D8C1E00ACE217 /* ModelsTests.xctest */ = {
			isa = PBXReferenceProxy;
			fileType = wrapper.cfbundle;
			path = ModelsTests.xctest;
			remoteRef = 7FB1FA5F242D8C1E00ACE217 /* PBXContainerItemProxy */;
			sourceTree = BUILT_PRODUCTS_DIR;
		};
		7FB1FA67242D8C2B00ACE217 /* DataProviders.framework */ = {
			isa = PBXReferenceProxy;
			fileType = wrapper.framework;
			path = DataProviders.framework;
			remoteRef = 7FB1FA66242D8C2B00ACE217 /* PBXContainerItemProxy */;
			sourceTree = BUILT_PRODUCTS_DIR;
		};
		7FB1FA69242D8C2B00ACE217 /* DataProvidersTests.xctest */ = {
			isa = PBXReferenceProxy;
			fileType = wrapper.cfbundle;
			path = DataProvidersTests.xctest;
			remoteRef = 7FB1FA68242D8C2B00ACE217 /* PBXContainerItemProxy */;
			sourceTree = BUILT_PRODUCTS_DIR;
		};
		7FF6DF062447C9B1000E33DA /* DataProvidersMocks.framework */ = {
			isa = PBXReferenceProxy;
			fileType = wrapper.framework;
			path = DataProvidersMocks.framework;
			remoteRef = 7FF6DF052447C9B1000E33DA /* PBXContainerItemProxy */;
			sourceTree = BUILT_PRODUCTS_DIR;
		};
/* End PBXReferenceProxy section */

/* Begin PBXResourcesBuildPhase section */
		7FB1FA3B242D8BE500ACE217 /* Resources */ = {
			isa = PBXResourcesBuildPhase;
			buildActionMask = 2147483647;
			files = (
			);
			runOnlyForDeploymentPostprocessing = 0;
		};
		7FB1FA44242D8BE500ACE217 /* Resources */ = {
			isa = PBXResourcesBuildPhase;
			buildActionMask = 2147483647;
			files = (
				7FF6DF0D2447CC95000E33DA /* Countries.json in Resources */,
			);
			runOnlyForDeploymentPostprocessing = 0;
		};
/* End PBXResourcesBuildPhase section */

/* Begin PBXSourcesBuildPhase section */
		7FB1FA39242D8BE500ACE217 /* Sources */ = {
			isa = PBXSourcesBuildPhase;
			buildActionMask = 2147483647;
			files = (
				7FB1FA71242D8C4B00ACE217 /* CountriesCollectionPresenter.swift in Sources */,
				7FF6DEE72447C44E000E33DA /* CountryDetailPresenter.swift in Sources */,
				7FB1FA7D242D8CEB00ACE217 /* PresentersFactory.swift in Sources */,
			);
			runOnlyForDeploymentPostprocessing = 0;
		};
		7FB1FA42242D8BE500ACE217 /* Sources */ = {
			isa = PBXSourcesBuildPhase;
			buildActionMask = 2147483647;
			files = (
				7FF6DF0B2447CA43000E33DA /* CountriesCollectionViewMock.swift in Sources */,
				7FB1FA4C242D8BE500ACE217 /* PresentersTests.swift in Sources */,
				7FF6DF0F2447D123000E33DA /* CountryDetailPresenterTests.swift in Sources */,
				7FF6DF092447C9E1000E33DA /* CountriesCollectionPresenterTests.swift in Sources */,
			);
			runOnlyForDeploymentPostprocessing = 0;
		};
/* End PBXSourcesBuildPhase section */

/* Begin PBXTargetDependency section */
		7FB1FA49242D8BE500ACE217 /* PBXTargetDependency */ = {
			isa = PBXTargetDependency;
			target = 7FB1FA3C242D8BE500ACE217 /* Presenters */;
			targetProxy = 7FB1FA48242D8BE500ACE217 /* PBXContainerItemProxy */;
		};
/* End PBXTargetDependency section */

/* Begin XCBuildConfiguration section */
		7FB1FA4F242D8BE500ACE217 /* Debug */ = {
			isa = XCBuildConfiguration;
			buildSettings = {
				ALWAYS_SEARCH_USER_PATHS = NO;
				CLANG_ANALYZER_NONNULL = YES;
				CLANG_ANALYZER_NUMBER_OBJECT_CONVERSION = YES_AGGRESSIVE;
				CLANG_CXX_LANGUAGE_STANDARD = "gnu++14";
				CLANG_CXX_LIBRARY = "libc++";
				CLANG_ENABLE_MODULES = YES;
				CLANG_ENABLE_OBJC_ARC = YES;
				CLANG_ENABLE_OBJC_WEAK = YES;
				CLANG_WARN_BLOCK_CAPTURE_AUTORELEASING = YES;
				CLANG_WARN_BOOL_CONVERSION = YES;
				CLANG_WARN_COMMA = YES;
				CLANG_WARN_CONSTANT_CONVERSION = YES;
				CLANG_WARN_DEPRECATED_OBJC_IMPLEMENTATIONS = YES;
				CLANG_WARN_DIRECT_OBJC_ISA_USAGE = YES_ERROR;
				CLANG_WARN_DOCUMENTATION_COMMENTS = YES;
				CLANG_WARN_EMPTY_BODY = YES;
				CLANG_WARN_ENUM_CONVERSION = YES;
				CLANG_WARN_INFINITE_RECURSION = YES;
				CLANG_WARN_INT_CONVERSION = YES;
				CLANG_WARN_NON_LITERAL_NULL_CONVERSION = YES;
				CLANG_WARN_OBJC_IMPLICIT_RETAIN_SELF = YES;
				CLANG_WARN_OBJC_LITERAL_CONVERSION = YES;
				CLANG_WARN_OBJC_ROOT_CLASS = YES_ERROR;
				CLANG_WARN_RANGE_LOOP_ANALYSIS = YES;
				CLANG_WARN_STRICT_PROTOTYPES = YES;
				CLANG_WARN_SUSPICIOUS_MOVE = YES;
				CLANG_WARN_UNGUARDED_AVAILABILITY = YES_AGGRESSIVE;
				CLANG_WARN_UNREACHABLE_CODE = YES;
				CLANG_WARN__DUPLICATE_METHOD_MATCH = YES;
				COPY_PHASE_STRIP = NO;
				CURRENT_PROJECT_VERSION = 1;
				DEBUG_INFORMATION_FORMAT = dwarf;
				ENABLE_STRICT_OBJC_MSGSEND = YES;
				ENABLE_TESTABILITY = YES;
				GCC_C_LANGUAGE_STANDARD = gnu11;
				GCC_DYNAMIC_NO_PIC = NO;
				GCC_NO_COMMON_BLOCKS = YES;
				GCC_OPTIMIZATION_LEVEL = 0;
				GCC_PREPROCESSOR_DEFINITIONS = (
					"DEBUG=1",
					"$(inherited)",
				);
				GCC_WARN_64_TO_32_BIT_CONVERSION = YES;
				GCC_WARN_ABOUT_RETURN_TYPE = YES_ERROR;
				GCC_WARN_UNDECLARED_SELECTOR = YES;
				GCC_WARN_UNINITIALIZED_AUTOS = YES_AGGRESSIVE;
				GCC_WARN_UNUSED_FUNCTION = YES;
				GCC_WARN_UNUSED_VARIABLE = YES;
				IPHONEOS_DEPLOYMENT_TARGET = 13.2;
				MTL_ENABLE_DEBUG_INFO = INCLUDE_SOURCE;
				MTL_FAST_MATH = YES;
				ONLY_ACTIVE_ARCH = YES;
				SDKROOT = iphoneos;
				SWIFT_ACTIVE_COMPILATION_CONDITIONS = DEBUG;
				SWIFT_OPTIMIZATION_LEVEL = "-Onone";
				VERSIONING_SYSTEM = "apple-generic";
				VERSION_INFO_PREFIX = "";
			};
			name = Debug;
		};
		7FB1FA50242D8BE500ACE217 /* Release */ = {
			isa = XCBuildConfiguration;
			buildSettings = {
				ALWAYS_SEARCH_USER_PATHS = NO;
				CLANG_ANALYZER_NONNULL = YES;
				CLANG_ANALYZER_NUMBER_OBJECT_CONVERSION = YES_AGGRESSIVE;
				CLANG_CXX_LANGUAGE_STANDARD = "gnu++14";
				CLANG_CXX_LIBRARY = "libc++";
				CLANG_ENABLE_MODULES = YES;
				CLANG_ENABLE_OBJC_ARC = YES;
				CLANG_ENABLE_OBJC_WEAK = YES;
				CLANG_WARN_BLOCK_CAPTURE_AUTORELEASING = YES;
				CLANG_WARN_BOOL_CONVERSION = YES;
				CLANG_WARN_COMMA = YES;
				CLANG_WARN_CONSTANT_CONVERSION = YES;
				CLANG_WARN_DEPRECATED_OBJC_IMPLEMENTATIONS = YES;
				CLANG_WARN_DIRECT_OBJC_ISA_USAGE = YES_ERROR;
				CLANG_WARN_DOCUMENTATION_COMMENTS = YES;
				CLANG_WARN_EMPTY_BODY = YES;
				CLANG_WARN_ENUM_CONVERSION = YES;
				CLANG_WARN_INFINITE_RECURSION = YES;
				CLANG_WARN_INT_CONVERSION = YES;
				CLANG_WARN_NON_LITERAL_NULL_CONVERSION = YES;
				CLANG_WARN_OBJC_IMPLICIT_RETAIN_SELF = YES;
				CLANG_WARN_OBJC_LITERAL_CONVERSION = YES;
				CLANG_WARN_OBJC_ROOT_CLASS = YES_ERROR;
				CLANG_WARN_RANGE_LOOP_ANALYSIS = YES;
				CLANG_WARN_STRICT_PROTOTYPES = YES;
				CLANG_WARN_SUSPICIOUS_MOVE = YES;
				CLANG_WARN_UNGUARDED_AVAILABILITY = YES_AGGRESSIVE;
				CLANG_WARN_UNREACHABLE_CODE = YES;
				CLANG_WARN__DUPLICATE_METHOD_MATCH = YES;
				COPY_PHASE_STRIP = NO;
				CURRENT_PROJECT_VERSION = 1;
				DEBUG_INFORMATION_FORMAT = "dwarf-with-dsym";
				ENABLE_NS_ASSERTIONS = NO;
				ENABLE_STRICT_OBJC_MSGSEND = YES;
				GCC_C_LANGUAGE_STANDARD = gnu11;
				GCC_NO_COMMON_BLOCKS = YES;
				GCC_WARN_64_TO_32_BIT_CONVERSION = YES;
				GCC_WARN_ABOUT_RETURN_TYPE = YES_ERROR;
				GCC_WARN_UNDECLARED_SELECTOR = YES;
				GCC_WARN_UNINITIALIZED_AUTOS = YES_AGGRESSIVE;
				GCC_WARN_UNUSED_FUNCTION = YES;
				GCC_WARN_UNUSED_VARIABLE = YES;
				IPHONEOS_DEPLOYMENT_TARGET = 13.2;
				MTL_ENABLE_DEBUG_INFO = NO;
				MTL_FAST_MATH = YES;
				SDKROOT = iphoneos;
				SWIFT_COMPILATION_MODE = wholemodule;
				SWIFT_OPTIMIZATION_LEVEL = "-O";
				VALIDATE_PRODUCT = YES;
				VERSIONING_SYSTEM = "apple-generic";
				VERSION_INFO_PREFIX = "";
			};
			name = Release;
		};
		7FB1FA52242D8BE500ACE217 /* Debug */ = {
			isa = XCBuildConfiguration;
			buildSettings = {
				CODE_SIGN_STYLE = Automatic;
				DEFINES_MODULE = YES;
				DYLIB_COMPATIBILITY_VERSION = 1;
				DYLIB_CURRENT_VERSION = 1;
				DYLIB_INSTALL_NAME_BASE = "@rpath";
				INFOPLIST_FILE = Sources/Info.plist;
				INSTALL_PATH = "$(LOCAL_LIBRARY_DIR)/Frameworks";
				LD_RUNPATH_SEARCH_PATHS = (
					"$(inherited)",
					"@executable_path/Frameworks",
					"@loader_path/Frameworks",
				);
				PRODUCT_BUNDLE_IDENTIFIER = com.dk.Presenters;
				PRODUCT_NAME = "$(TARGET_NAME:c99extidentifier)";
				SKIP_INSTALL = YES;
				SWIFT_VERSION = 5.0;
				TARGETED_DEVICE_FAMILY = "1,2";
			};
			name = Debug;
		};
		7FB1FA53242D8BE500ACE217 /* Release */ = {
			isa = XCBuildConfiguration;
			buildSettings = {
				CODE_SIGN_STYLE = Automatic;
				DEFINES_MODULE = YES;
				DYLIB_COMPATIBILITY_VERSION = 1;
				DYLIB_CURRENT_VERSION = 1;
				DYLIB_INSTALL_NAME_BASE = "@rpath";
				INFOPLIST_FILE = Sources/Info.plist;
				INSTALL_PATH = "$(LOCAL_LIBRARY_DIR)/Frameworks";
				LD_RUNPATH_SEARCH_PATHS = (
					"$(inherited)",
					"@executable_path/Frameworks",
					"@loader_path/Frameworks",
				);
				PRODUCT_BUNDLE_IDENTIFIER = com.dk.Presenters;
				PRODUCT_NAME = "$(TARGET_NAME:c99extidentifier)";
				SKIP_INSTALL = YES;
				SWIFT_VERSION = 5.0;
				TARGETED_DEVICE_FAMILY = "1,2";
			};
			name = Release;
		};
		7FB1FA55242D8BE500ACE217 /* Debug */ = {
			isa = XCBuildConfiguration;
			buildSettings = {
				ALWAYS_EMBED_SWIFT_STANDARD_LIBRARIES = YES;
				CODE_SIGN_STYLE = Automatic;
				INFOPLIST_FILE = Tests/Info.plist;
				LD_RUNPATH_SEARCH_PATHS = (
					"$(inherited)",
					"@executable_path/Frameworks",
					"@loader_path/Frameworks",
				);
				PRODUCT_BUNDLE_IDENTIFIER = com.dk.PresentersTests;
				PRODUCT_NAME = "$(TARGET_NAME)";
				SWIFT_VERSION = 5.0;
				TARGETED_DEVICE_FAMILY = "1,2";
			};
			name = Debug;
		};
		7FB1FA56242D8BE500ACE217 /* Release */ = {
			isa = XCBuildConfiguration;
			buildSettings = {
				ALWAYS_EMBED_SWIFT_STANDARD_LIBRARIES = YES;
				CODE_SIGN_STYLE = Automatic;
				INFOPLIST_FILE = Tests/Info.plist;
				LD_RUNPATH_SEARCH_PATHS = (
					"$(inherited)",
					"@executable_path/Frameworks",
					"@loader_path/Frameworks",
				);
				PRODUCT_BUNDLE_IDENTIFIER = com.dk.PresentersTests;
				PRODUCT_NAME = "$(TARGET_NAME)";
				SWIFT_VERSION = 5.0;
				TARGETED_DEVICE_FAMILY = "1,2";
			};
			name = Release;
		};
/* End XCBuildConfiguration section */

/* Begin XCConfigurationList section */
		7FB1FA37242D8BE500ACE217 /* Build configuration list for PBXProject "Presenters" */ = {
			isa = XCConfigurationList;
			buildConfigurations = (
				7FB1FA4F242D8BE500ACE217 /* Debug */,
				7FB1FA50242D8BE500ACE217 /* Release */,
			);
			defaultConfigurationIsVisible = 0;
			defaultConfigurationName = Release;
		};
		7FB1FA51242D8BE500ACE217 /* Build configuration list for PBXNativeTarget "Presenters" */ = {
			isa = XCConfigurationList;
			buildConfigurations = (
				7FB1FA52242D8BE500ACE217 /* Debug */,
				7FB1FA53242D8BE500ACE217 /* Release */,
			);
			defaultConfigurationIsVisible = 0;
			defaultConfigurationName = Release;
		};
		7FB1FA54242D8BE500ACE217 /* Build configuration list for PBXNativeTarget "PresentersTests" */ = {
			isa = XCConfigurationList;
			buildConfigurations = (
				7FB1FA55242D8BE500ACE217 /* Debug */,
				7FB1FA56242D8BE500ACE217 /* Release */,
			);
			defaultConfigurationIsVisible = 0;
			defaultConfigurationName = Release;
		};
/* End XCConfigurationList section */
	};
	rootObject = 7FB1FA34242D8BE500ACE217 /* Project object */;
}
