// !$*UTF8*$!
{
	archiveVersion = 1;
	classes = {
	};
	objectVersion = 50;
	objects = {

/* Begin PBXBuildFile section */
		7F060C1924240BEA00B3CCDE /* AppDelegate.swift in Sources */ = {isa = PBXBuildFile; fileRef = 7F060C1824240BEA00B3CCDE /* AppDelegate.swift */; };
		7F060C1B24240BEA00B3CCDE /* SceneDelegate.swift in Sources */ = {isa = PBXBuildFile; fileRef = 7F060C1A24240BEA00B3CCDE /* SceneDelegate.swift */; };
		7F060C1D24240BEA00B3CCDE /* ViewController.swift in Sources */ = {isa = PBXBuildFile; fileRef = 7F060C1C24240BEA00B3CCDE /* ViewController.swift */; };
		7F060C2024240BEA00B3CCDE /* Main.storyboard in Resources */ = {isa = PBXBuildFile; fileRef = 7F060C1E24240BEA00B3CCDE /* Main.storyboard */; };
		7F060C2224240BEB00B3CCDE /* Assets.xcassets in Resources */ = {isa = PBXBuildFile; fileRef = 7F060C2124240BEB00B3CCDE /* Assets.xcassets */; };
		7F060C2524240BEB00B3CCDE /* LaunchScreen.storyboard in Resources */ = {isa = PBXBuildFile; fileRef = 7F060C2324240BEB00B3CCDE /* LaunchScreen.storyboard */; };
		7F060C3024240BEB00B3CCDE /* QuickHatchSampleTests.swift in Sources */ = {isa = PBXBuildFile; fileRef = 7F060C2F24240BEB00B3CCDE /* QuickHatchSampleTests.swift */; };
		7F426782242D68EE00745C0B /* CountryCellView.swift in Sources */ = {isa = PBXBuildFile; fileRef = 7F426781242D68EE00745C0B /* CountryCellView.swift */; };
		7F6D2F58243CCDF6009C4A4B /* SearchBarModel.swift in Sources */ = {isa = PBXBuildFile; fileRef = 7F6D2F57243CCDF6009C4A4B /* SearchBarModel.swift */; };
		7F6D2F64243CDDF5009C4A4B /* DetailViewController.swift in Sources */ = {isa = PBXBuildFile; fileRef = 7F6D2F63243CDDF5009C4A4B /* DetailViewController.swift */; };
		7F6D2F66243D1809009C4A4B /* MapTableViewCell.swift in Sources */ = {isa = PBXBuildFile; fileRef = 7F6D2F65243D1809009C4A4B /* MapTableViewCell.swift */; };
		7F6D2F68243D1A3A009C4A4B /* SecondaryDetailsTableViewCell.swift in Sources */ = {isa = PBXBuildFile; fileRef = 7F6D2F67243D1A3A009C4A4B /* SecondaryDetailsTableViewCell.swift */; };
		7F6D2F6A243D1A48009C4A4B /* PrimaryDetailsTableViewCell.swift in Sources */ = {isa = PBXBuildFile; fileRef = 7F6D2F69243D1A48009C4A4B /* PrimaryDetailsTableViewCell.swift */; };
		7F6D2F6C243D1A53009C4A4B /* BorderTableViewCell.swift in Sources */ = {isa = PBXBuildFile; fileRef = 7F6D2F6B243D1A53009C4A4B /* BorderTableViewCell.swift */; };
		7FB1F9A8242D7C9700ACE217 /* FetchCountryAPITests.swift in Sources */ = {isa = PBXBuildFile; fileRef = 7FB1F9A7242D7C9700ACE217 /* FetchCountryAPITests.swift */; };
		7FB1F9AA242D7CB400ACE217 /* CountriesCollectionPresenterTests.swift in Sources */ = {isa = PBXBuildFile; fileRef = 7FB1F9A9242D7CB400ACE217 /* CountriesCollectionPresenterTests.swift */; };
		7FB1F9F2242D89B800ACE217 /* DataProviders.framework in Frameworks */ = {isa = PBXBuildFile; fileRef = 7FB1F9EF242D89AC00ACE217 /* DataProviders.framework */; };
		7FB1FA7B242D8C8B00ACE217 /* Presenters.framework in Frameworks */ = {isa = PBXBuildFile; fileRef = 7FB1FA78242D8C8200ACE217 /* Presenters.framework */; };
		7FED4127264B57C4005958B6 /* Models.framework in Frameworks */ = {isa = PBXBuildFile; fileRef = 7FED4124264B57B7005958B6 /* Models.framework */; };
		7FED4128264B57C4005958B6 /* Models.framework in Embed Frameworks */ = {isa = PBXBuildFile; fileRef = 7FED4124264B57B7005958B6 /* Models.framework */; settings = {ATTRIBUTES = (CodeSignOnCopy, RemoveHeadersOnCopy, ); }; };
		7FED4173264B5CCD005958B6 /* DataSourceLoadableCell.swift in Sources */ = {isa = PBXBuildFile; fileRef = 7FED4172264B5CCD005958B6 /* DataSourceLoadableCell.swift */; };
		7FED4177264B5D3B005958B6 /* TableViewWrapper.swift in Sources */ = {isa = PBXBuildFile; fileRef = 7FED4176264B5D3B005958B6 /* TableViewWrapper.swift */; };
/* End PBXBuildFile section */

/* Begin PBXContainerItemProxy section */
		7F060C2C24240BEB00B3CCDE /* PBXContainerItemProxy */ = {
			isa = PBXContainerItemProxy;
			containerPortal = 7F060C0D24240BEA00B3CCDE /* Project object */;
			proxyType = 1;
			remoteGlobalIDString = 7F060C1424240BEA00B3CCDE;
			remoteInfo = QuickHatchSample;
		};
		7FB1F9EE242D89AC00ACE217 /* PBXContainerItemProxy */ = {
			isa = PBXContainerItemProxy;
			containerPortal = 7FB1F9E9242D89AC00ACE217 /* DataProviders.xcodeproj */;
			proxyType = 2;
			remoteGlobalIDString = 7FB1F9B5242D866D00ACE217;
			remoteInfo = DataProviders;
		};
		7FB1F9F0242D89AC00ACE217 /* PBXContainerItemProxy */ = {
			isa = PBXContainerItemProxy;
			containerPortal = 7FB1F9E9242D89AC00ACE217 /* DataProviders.xcodeproj */;
			proxyType = 2;
			remoteGlobalIDString = 7FB1F9BE242D866E00ACE217;
			remoteInfo = DataProvidersTests;
		};
		7FB1FA77242D8C8200ACE217 /* PBXContainerItemProxy */ = {
			isa = PBXContainerItemProxy;
			containerPortal = 7FB1FA72242D8C8200ACE217 /* Presenters.xcodeproj */;
			proxyType = 2;
			remoteGlobalIDString = 7FB1FA3D242D8BE500ACE217;
			remoteInfo = Presenters;
		};
		7FB1FA79242D8C8200ACE217 /* PBXContainerItemProxy */ = {
			isa = PBXContainerItemProxy;
			containerPortal = 7FB1FA72242D8C8200ACE217 /* Presenters.xcodeproj */;
			proxyType = 2;
			remoteGlobalIDString = 7FB1FA46242D8BE500ACE217;
			remoteInfo = PresentersTests;
		};
		7FED40F4264B573A005958B6 /* PBXContainerItemProxy */ = {
			isa = PBXContainerItemProxy;
			containerPortal = 7FB1F9E9242D89AC00ACE217 /* DataProviders.xcodeproj */;
			proxyType = 2;
			remoteGlobalIDString = 7FF6DEF12447C884000E33DA;
			remoteInfo = DataProvidersMocks;
		};
		7FED4123264B57B7005958B6 /* PBXContainerItemProxy */ = {
			isa = PBXContainerItemProxy;
			containerPortal = 7FED411E264B57B7005958B6 /* Models.xcodeproj */;
			proxyType = 2;
			remoteGlobalIDString = 7FB1F9FE242D8A3700ACE217;
			remoteInfo = Models;
		};
		7FED4125264B57B7005958B6 /* PBXContainerItemProxy */ = {
			isa = PBXContainerItemProxy;
			containerPortal = 7FED411E264B57B7005958B6 /* Models.xcodeproj */;
			proxyType = 2;
			remoteGlobalIDString = 7FB1FA07242D8A3700ACE217;
			remoteInfo = ModelsTests;
		};
/* End PBXContainerItemProxy section */

/* Begin PBXCopyFilesBuildPhase section */
		7FED4129264B57C5005958B6 /* Embed Frameworks */ = {
			isa = PBXCopyFilesBuildPhase;
			buildActionMask = 2147483647;
			dstPath = "";
			dstSubfolderSpec = 10;
			files = (
				7FED4128264B57C4005958B6 /* Models.framework in Embed Frameworks */,
			);
			name = "Embed Frameworks";
			runOnlyForDeploymentPostprocessing = 0;
		};
/* End PBXCopyFilesBuildPhase section */

/* Begin PBXFileReference section */
		7F060C1524240BEA00B3CCDE /* QuickHatchSample.app */ = {isa = PBXFileReference; explicitFileType = wrapper.application; includeInIndex = 0; path = QuickHatchSample.app; sourceTree = BUILT_PRODUCTS_DIR; };
		7F060C1824240BEA00B3CCDE /* AppDelegate.swift */ = {isa = PBXFileReference; lastKnownFileType = sourcecode.swift; path = AppDelegate.swift; sourceTree = "<group>"; };
		7F060C1A24240BEA00B3CCDE /* SceneDelegate.swift */ = {isa = PBXFileReference; lastKnownFileType = sourcecode.swift; path = SceneDelegate.swift; sourceTree = "<group>"; };
		7F060C1C24240BEA00B3CCDE /* ViewController.swift */ = {isa = PBXFileReference; lastKnownFileType = sourcecode.swift; path = ViewController.swift; sourceTree = "<group>"; };
		7F060C1F24240BEA00B3CCDE /* Base */ = {isa = PBXFileReference; lastKnownFileType = file.storyboard; name = Base; path = Base.lproj/Main.storyboard; sourceTree = "<group>"; };
		7F060C2124240BEB00B3CCDE /* Assets.xcassets */ = {isa = PBXFileReference; lastKnownFileType = folder.assetcatalog; path = Assets.xcassets; sourceTree = "<group>"; };
		7F060C2424240BEB00B3CCDE /* Base */ = {isa = PBXFileReference; lastKnownFileType = file.storyboard; name = Base; path = Base.lproj/LaunchScreen.storyboard; sourceTree = "<group>"; };
		7F060C2624240BEB00B3CCDE /* Info.plist */ = {isa = PBXFileReference; lastKnownFileType = text.plist.xml; path = Info.plist; sourceTree = "<group>"; };
		7F060C2B24240BEB00B3CCDE /* QuickHatchSampleTests.xctest */ = {isa = PBXFileReference; explicitFileType = wrapper.cfbundle; includeInIndex = 0; path = QuickHatchSampleTests.xctest; sourceTree = BUILT_PRODUCTS_DIR; };
		7F060C2F24240BEB00B3CCDE /* QuickHatchSampleTests.swift */ = {isa = PBXFileReference; lastKnownFileType = sourcecode.swift; path = QuickHatchSampleTests.swift; sourceTree = "<group>"; };
		7F060C3124240BEB00B3CCDE /* Info.plist */ = {isa = PBXFileReference; lastKnownFileType = text.plist.xml; path = Info.plist; sourceTree = "<group>"; };
		7F426781242D68EE00745C0B /* CountryCellView.swift */ = {isa = PBXFileReference; lastKnownFileType = sourcecode.swift; path = CountryCellView.swift; sourceTree = "<group>"; };
		7F6D2F57243CCDF6009C4A4B /* SearchBarModel.swift */ = {isa = PBXFileReference; lastKnownFileType = sourcecode.swift; path = SearchBarModel.swift; sourceTree = "<group>"; };
		7F6D2F63243CDDF5009C4A4B /* DetailViewController.swift */ = {isa = PBXFileReference; lastKnownFileType = sourcecode.swift; path = DetailViewController.swift; sourceTree = "<group>"; };
		7F6D2F65243D1809009C4A4B /* MapTableViewCell.swift */ = {isa = PBXFileReference; lastKnownFileType = sourcecode.swift; path = MapTableViewCell.swift; sourceTree = "<group>"; };
		7F6D2F67243D1A3A009C4A4B /* SecondaryDetailsTableViewCell.swift */ = {isa = PBXFileReference; lastKnownFileType = sourcecode.swift; path = SecondaryDetailsTableViewCell.swift; sourceTree = "<group>"; };
		7F6D2F69243D1A48009C4A4B /* PrimaryDetailsTableViewCell.swift */ = {isa = PBXFileReference; lastKnownFileType = sourcecode.swift; path = PrimaryDetailsTableViewCell.swift; sourceTree = "<group>"; };
		7F6D2F6B243D1A53009C4A4B /* BorderTableViewCell.swift */ = {isa = PBXFileReference; lastKnownFileType = sourcecode.swift; path = BorderTableViewCell.swift; sourceTree = "<group>"; };
		7FB1F9A7242D7C9700ACE217 /* FetchCountryAPITests.swift */ = {isa = PBXFileReference; lastKnownFileType = sourcecode.swift; path = FetchCountryAPITests.swift; sourceTree = "<group>"; };
		7FB1F9A9242D7CB400ACE217 /* CountriesCollectionPresenterTests.swift */ = {isa = PBXFileReference; lastKnownFileType = sourcecode.swift; path = CountriesCollectionPresenterTests.swift; sourceTree = "<group>"; };
		7FB1F9E9242D89AC00ACE217 /* DataProviders.xcodeproj */ = {isa = PBXFileReference; lastKnownFileType = "wrapper.pb-project"; name = DataProviders.xcodeproj; path = DataProviders/DataProviders.xcodeproj; sourceTree = SOURCE_ROOT; };
		7FB1FA72242D8C8200ACE217 /* Presenters.xcodeproj */ = {isa = PBXFileReference; lastKnownFileType = "wrapper.pb-project"; name = Presenters.xcodeproj; path = Presenters/Presenters.xcodeproj; sourceTree = SOURCE_ROOT; };
		7FED411E264B57B7005958B6 /* Models.xcodeproj */ = {isa = PBXFileReference; lastKnownFileType = "wrapper.pb-project"; name = Models.xcodeproj; path = CountriesAPI/Models/Models.xcodeproj; sourceTree = SOURCE_ROOT; };
		7FED4172264B5CCD005958B6 /* DataSourceLoadableCell.swift */ = {isa = PBXFileReference; lastKnownFileType = sourcecode.swift; path = DataSourceLoadableCell.swift; sourceTree = "<group>"; };
		7FED4176264B5D3B005958B6 /* TableViewWrapper.swift */ = {isa = PBXFileReference; lastKnownFileType = sourcecode.swift; path = TableViewWrapper.swift; sourceTree = "<group>"; };
/* End PBXFileReference section */

/* Begin PBXFrameworksBuildPhase section */
		7F060C1224240BEA00B3CCDE /* Frameworks */ = {
			isa = PBXFrameworksBuildPhase;
			buildActionMask = 2147483647;
			files = (
				7FB1FA7B242D8C8B00ACE217 /* Presenters.framework in Frameworks */,
				7FB1F9F2242D89B800ACE217 /* DataProviders.framework in Frameworks */,
				7FED4127264B57C4005958B6 /* Models.framework in Frameworks */,
			);
			runOnlyForDeploymentPostprocessing = 0;
		};
		7F060C2824240BEB00B3CCDE /* Frameworks */ = {
			isa = PBXFrameworksBuildPhase;
			buildActionMask = 2147483647;
			files = (
			);
			runOnlyForDeploymentPostprocessing = 0;
		};
/* End PBXFrameworksBuildPhase section */

/* Begin PBXGroup section */
		7F060C0C24240BEA00B3CCDE = {
			isa = PBXGroup;
			children = (
				7F060C1724240BEA00B3CCDE /* Sources */,
				7F060C2E24240BEB00B3CCDE /* Tests */,
				7F060C1624240BEA00B3CCDE /* Products */,
				7F060C3A24240D7F00B3CCDE /* Frameworks */,
			);
			sourceTree = "<group>";
		};
		7F060C1624240BEA00B3CCDE /* Products */ = {
			isa = PBXGroup;
			children = (
				7F060C1524240BEA00B3CCDE /* QuickHatchSample.app */,
				7F060C2B24240BEB00B3CCDE /* QuickHatchSampleTests.xctest */,
			);
			name = Products;
			sourceTree = "<group>";
		};
		7F060C1724240BEA00B3CCDE /* Sources */ = {
			isa = PBXGroup;
			children = (
				7FB1F9E6242D898A00ACE217 /* Dependencies */,
				7F060C422424110A00B3CCDE /* Application */,
				7F060C40242410A900B3CCDE /* Supporting files */,
				7F060C41242410ED00B3CCDE /* Views */,
			);
			path = Sources;
			sourceTree = "<group>";
		};
		7F060C2E24240BEB00B3CCDE /* Tests */ = {
			isa = PBXGroup;
			children = (
				7F060C2F24240BEB00B3CCDE /* QuickHatchSampleTests.swift */,
				7F060C3124240BEB00B3CCDE /* Info.plist */,
				7FB1F9A7242D7C9700ACE217 /* FetchCountryAPITests.swift */,
				7FB1F9A9242D7CB400ACE217 /* CountriesCollectionPresenterTests.swift */,
			);
			path = Tests;
			sourceTree = "<group>";
		};
		7F060C3A24240D7F00B3CCDE /* Frameworks */ = {
			isa = PBXGroup;
			children = (
			);
			name = Frameworks;
			sourceTree = "<group>";
		};
		7F060C40242410A900B3CCDE /* Supporting files */ = {
			isa = PBXGroup;
			children = (
				7F060C2124240BEB00B3CCDE /* Assets.xcassets */,
				7F060C2624240BEB00B3CCDE /* Info.plist */,
			);
			path = "Supporting files";
			sourceTree = "<group>";
		};
		7F060C41242410ED00B3CCDE /* Views */ = {
			isa = PBXGroup;
			children = (
				7FED4171264B5CB7005958B6 /* TableViewAbstraction */,
				7F6D2F6D243D1A56009C4A4B /* Cells */,
				7F060C1C24240BEA00B3CCDE /* ViewController.swift */,
				7F060C1E24240BEA00B3CCDE /* Main.storyboard */,
				7F060C2324240BEB00B3CCDE /* LaunchScreen.storyboard */,
				7F6D2F57243CCDF6009C4A4B /* SearchBarModel.swift */,
				7F6D2F63243CDDF5009C4A4B /* DetailViewController.swift */,
			);
			path = Views;
			sourceTree = "<group>";
		};
		7F060C422424110A00B3CCDE /* Application */ = {
			isa = PBXGroup;
			children = (
				7F060C1824240BEA00B3CCDE /* AppDelegate.swift */,
				7F060C1A24240BEA00B3CCDE /* SceneDelegate.swift */,
			);
			path = Application;
			sourceTree = "<group>";
		};
		7F6D2F6D243D1A56009C4A4B /* Cells */ = {
			isa = PBXGroup;
			children = (
				7F426781242D68EE00745C0B /* CountryCellView.swift */,
				7F6D2F65243D1809009C4A4B /* MapTableViewCell.swift */,
				7F6D2F67243D1A3A009C4A4B /* SecondaryDetailsTableViewCell.swift */,
				7F6D2F69243D1A48009C4A4B /* PrimaryDetailsTableViewCell.swift */,
				7F6D2F6B243D1A53009C4A4B /* BorderTableViewCell.swift */,
			);
			path = Cells;
			sourceTree = "<group>";
		};
		7FB1F9E6242D898A00ACE217 /* Dependencies */ = {
			isa = PBXGroup;
			children = (
				7FED411E264B57B7005958B6 /* Models.xcodeproj */,
				7FB1FA72242D8C8200ACE217 /* Presenters.xcodeproj */,
				7FB1F9E9242D89AC00ACE217 /* DataProviders.xcodeproj */,
			);
			path = Dependencies;
			sourceTree = "<group>";
		};
		7FB1F9EA242D89AC00ACE217 /* Products */ = {
			isa = PBXGroup;
			children = (
				7FB1F9EF242D89AC00ACE217 /* DataProviders.framework */,
				7FB1F9F1242D89AC00ACE217 /* DataProvidersTests.xctest */,
				7FED40F5264B573A005958B6 /* DataProvidersMocks.framework */,
			);
			name = Products;
			sourceTree = "<group>";
		};
		7FB1FA73242D8C8200ACE217 /* Products */ = {
			isa = PBXGroup;
			children = (
				7FB1FA78242D8C8200ACE217 /* Presenters.framework */,
				7FB1FA7A242D8C8200ACE217 /* PresentersTests.xctest */,
			);
			name = Products;
			sourceTree = "<group>";
		};
		7FED411F264B57B7005958B6 /* Products */ = {
			isa = PBXGroup;
			children = (
				7FED4124264B57B7005958B6 /* Models.framework */,
				7FED4126264B57B7005958B6 /* ModelsTests.xctest */,
			);
			name = Products;
			sourceTree = "<group>";
		};
		7FED4171264B5CB7005958B6 /* TableViewAbstraction */ = {
			isa = PBXGroup;
			children = (
				7FED4172264B5CCD005958B6 /* DataSourceLoadableCell.swift */,
				7FED4176264B5D3B005958B6 /* TableViewWrapper.swift */,
			);
			path = TableViewAbstraction;
			sourceTree = "<group>";
		};
/* End PBXGroup section */

/* Begin PBXNativeTarget section */
		7F060C1424240BEA00B3CCDE /* QuickHatchSample */ = {
			isa = PBXNativeTarget;
			buildConfigurationList = 7F060C3424240BEB00B3CCDE /* Build configuration list for PBXNativeTarget "QuickHatchSample" */;
			buildPhases = (
				7F060C1124240BEA00B3CCDE /* Sources */,
				7F060C1224240BEA00B3CCDE /* Frameworks */,
				7F060C1324240BEA00B3CCDE /* Resources */,
				7FED4129264B57C5005958B6 /* Embed Frameworks */,
			);
			buildRules = (
			);
			dependencies = (
			);
			name = QuickHatchSample;
			productName = QuickHatchSample;
			productReference = 7F060C1524240BEA00B3CCDE /* QuickHatchSample.app */;
			productType = "com.apple.product-type.application";
		};
		7F060C2A24240BEB00B3CCDE /* QuickHatchSampleTests */ = {
			isa = PBXNativeTarget;
			buildConfigurationList = 7F060C3724240BEB00B3CCDE /* Build configuration list for PBXNativeTarget "QuickHatchSampleTests" */;
			buildPhases = (
				7F060C2724240BEB00B3CCDE /* Sources */,
				7F060C2824240BEB00B3CCDE /* Frameworks */,
				7F060C2924240BEB00B3CCDE /* Resources */,
			);
			buildRules = (
			);
			dependencies = (
				7F060C2D24240BEB00B3CCDE /* PBXTargetDependency */,
			);
			name = QuickHatchSampleTests;
			productName = QuickHatchSampleTests;
			productReference = 7F060C2B24240BEB00B3CCDE /* QuickHatchSampleTests.xctest */;
			productType = "com.apple.product-type.bundle.unit-test";
		};
/* End PBXNativeTarget section */

/* Begin PBXProject section */
		7F060C0D24240BEA00B3CCDE /* Project object */ = {
			isa = PBXProject;
			attributes = {
				LastSwiftUpdateCheck = 1130;
				LastUpgradeCheck = 1130;
				ORGANIZATIONNAME = "Daniel Koster";
				TargetAttributes = {
					7F060C1424240BEA00B3CCDE = {
						CreatedOnToolsVersion = 11.3.1;
					};
					7F060C2A24240BEB00B3CCDE = {
						CreatedOnToolsVersion = 11.3.1;
						TestTargetID = 7F060C1424240BEA00B3CCDE;
					};
				};
			};
			buildConfigurationList = 7F060C1024240BEA00B3CCDE /* Build configuration list for PBXProject "QuickHatchSample" */;
			compatibilityVersion = "Xcode 9.3";
			developmentRegion = en;
			hasScannedForEncodings = 0;
			knownRegions = (
				en,
				Base,
			);
			mainGroup = 7F060C0C24240BEA00B3CCDE;
			productRefGroup = 7F060C1624240BEA00B3CCDE /* Products */;
			projectDirPath = "";
			projectReferences = (
				{
					ProductGroup = 7FB1F9EA242D89AC00ACE217 /* Products */;
					ProjectRef = 7FB1F9E9242D89AC00ACE217 /* DataProviders.xcodeproj */;
				},
				{
					ProductGroup = 7FED411F264B57B7005958B6 /* Products */;
					ProjectRef = 7FED411E264B57B7005958B6 /* Models.xcodeproj */;
				},
				{
					ProductGroup = 7FB1FA73242D8C8200ACE217 /* Products */;
					ProjectRef = 7FB1FA72242D8C8200ACE217 /* Presenters.xcodeproj */;
				},
			);
			projectRoot = "";
			targets = (
				7F060C1424240BEA00B3CCDE /* QuickHatchSample */,
				7F060C2A24240BEB00B3CCDE /* QuickHatchSampleTests */,
			);
		};
/* End PBXProject section */

/* Begin PBXReferenceProxy section */
		7FB1F9EF242D89AC00ACE217 /* DataProviders.framework */ = {
			isa = PBXReferenceProxy;
			fileType = wrapper.framework;
			path = DataProviders.framework;
			remoteRef = 7FB1F9EE242D89AC00ACE217 /* PBXContainerItemProxy */;
			sourceTree = BUILT_PRODUCTS_DIR;
		};
		7FB1F9F1242D89AC00ACE217 /* DataProvidersTests.xctest */ = {
			isa = PBXReferenceProxy;
			fileType = wrapper.cfbundle;
			path = DataProvidersTests.xctest;
			remoteRef = 7FB1F9F0242D89AC00ACE217 /* PBXContainerItemProxy */;
			sourceTree = BUILT_PRODUCTS_DIR;
		};
		7FB1FA78242D8C8200ACE217 /* Presenters.framework */ = {
			isa = PBXReferenceProxy;
			fileType = wrapper.framework;
			path = Presenters.framework;
			remoteRef = 7FB1FA77242D8C8200ACE217 /* PBXContainerItemProxy */;
			sourceTree = BUILT_PRODUCTS_DIR;
		};
		7FB1FA7A242D8C8200ACE217 /* PresentersTests.xctest */ = {
			isa = PBXReferenceProxy;
			fileType = wrapper.cfbundle;
			path = PresentersTests.xctest;
			remoteRef = 7FB1FA79242D8C8200ACE217 /* PBXContainerItemProxy */;
			sourceTree = BUILT_PRODUCTS_DIR;
		};
		7FED40F5264B573A005958B6 /* DataProvidersMocks.framework */ = {
			isa = PBXReferenceProxy;
			fileType = wrapper.framework;
			path = DataProvidersMocks.framework;
			remoteRef = 7FED40F4264B573A005958B6 /* PBXContainerItemProxy */;
			sourceTree = BUILT_PRODUCTS_DIR;
		};
		7FED4124264B57B7005958B6 /* Models.framework */ = {
			isa = PBXReferenceProxy;
			fileType = wrapper.framework;
			path = Models.framework;
			remoteRef = 7FED4123264B57B7005958B6 /* PBXContainerItemProxy */;
			sourceTree = BUILT_PRODUCTS_DIR;
		};
		7FED4126264B57B7005958B6 /* ModelsTests.xctest */ = {
			isa = PBXReferenceProxy;
			fileType = wrapper.cfbundle;
			path = ModelsTests.xctest;
			remoteRef = 7FED4125264B57B7005958B6 /* PBXContainerItemProxy */;
			sourceTree = BUILT_PRODUCTS_DIR;
		};
/* End PBXReferenceProxy section */

/* Begin PBXResourcesBuildPhase section */
		7F060C1324240BEA00B3CCDE /* Resources */ = {
			isa = PBXResourcesBuildPhase;
			buildActionMask = 2147483647;
			files = (
				7F060C2524240BEB00B3CCDE /* LaunchScreen.storyboard in Resources */,
				7F060C2224240BEB00B3CCDE /* Assets.xcassets in Resources */,
				7F060C2024240BEA00B3CCDE /* Main.storyboard in Resources */,
			);
			runOnlyForDeploymentPostprocessing = 0;
		};
		7F060C2924240BEB00B3CCDE /* Resources */ = {
			isa = PBXResourcesBuildPhase;
			buildActionMask = 2147483647;
			files = (
			);
			runOnlyForDeploymentPostprocessing = 0;
		};
/* End PBXResourcesBuildPhase section */

/* Begin PBXSourcesBuildPhase section */
		7F060C1124240BEA00B3CCDE /* Sources */ = {
			isa = PBXSourcesBuildPhase;
			buildActionMask = 2147483647;
			files = (
				7F426782242D68EE00745C0B /* CountryCellView.swift in Sources */,
				7FED4173264B5CCD005958B6 /* DataSourceLoadableCell.swift in Sources */,
				7F060C1D24240BEA00B3CCDE /* ViewController.swift in Sources */,
				7F060C1924240BEA00B3CCDE /* AppDelegate.swift in Sources */,
				7F6D2F66243D1809009C4A4B /* MapTableViewCell.swift in Sources */,
				7FED4177264B5D3B005958B6 /* TableViewWrapper.swift in Sources */,
				7F6D2F64243CDDF5009C4A4B /* DetailViewController.swift in Sources */,
				7F060C1B24240BEA00B3CCDE /* SceneDelegate.swift in Sources */,
				7F6D2F58243CCDF6009C4A4B /* SearchBarModel.swift in Sources */,
				7F6D2F6A243D1A48009C4A4B /* PrimaryDetailsTableViewCell.swift in Sources */,
				7F6D2F68243D1A3A009C4A4B /* SecondaryDetailsTableViewCell.swift in Sources */,
				7F6D2F6C243D1A53009C4A4B /* BorderTableViewCell.swift in Sources */,
			);
			runOnlyForDeploymentPostprocessing = 0;
		};
		7F060C2724240BEB00B3CCDE /* Sources */ = {
			isa = PBXSourcesBuildPhase;
			buildActionMask = 2147483647;
			files = (
				7FB1F9AA242D7CB400ACE217 /* CountriesCollectionPresenterTests.swift in Sources */,
				7FB1F9A8242D7C9700ACE217 /* FetchCountryAPITests.swift in Sources */,
				7F060C3024240BEB00B3CCDE /* QuickHatchSampleTests.swift in Sources */,
			);
			runOnlyForDeploymentPostprocessing = 0;
		};
/* End PBXSourcesBuildPhase section */

/* Begin PBXTargetDependency section */
		7F060C2D24240BEB00B3CCDE /* PBXTargetDependency */ = {
			isa = PBXTargetDependency;
			target = 7F060C1424240BEA00B3CCDE /* QuickHatchSample */;
			targetProxy = 7F060C2C24240BEB00B3CCDE /* PBXContainerItemProxy */;
		};
/* End PBXTargetDependency section */

/* Begin PBXVariantGroup section */
		7F060C1E24240BEA00B3CCDE /* Main.storyboard */ = {
			isa = PBXVariantGroup;
			children = (
				7F060C1F24240BEA00B3CCDE /* Base */,
			);
			name = Main.storyboard;
			sourceTree = "<group>";
		};
		7F060C2324240BEB00B3CCDE /* LaunchScreen.storyboard */ = {
			isa = PBXVariantGroup;
			children = (
				7F060C2424240BEB00B3CCDE /* Base */,
			);
			name = LaunchScreen.storyboard;
			sourceTree = "<group>";
		};
/* End PBXVariantGroup section */

/* Begin XCBuildConfiguration section */
		7F060C3224240BEB00B3CCDE /* Debug */ = {
			isa = XCBuildConfiguration;
			buildSettings = {
				ALWAYS_SEARCH_USER_PATHS = NO;
				CLANG_ANALYZER_NONNULL = YES;
				CLANG_ANALYZER_NUMBER_OBJECT_CONVERSION = YES_AGGRESSIVE;
				CLANG_CXX_LANGUAGE_STANDARD = "gnu++14";
				CLANG_CXX_LIBRARY = "libc++";
				CLANG_ENABLE_MODULES = YES;
				CLANG_ENABLE_OBJC_ARC = YES;
				CLANG_ENABLE_OBJC_WEAK = YES;
				CLANG_WARN_BLOCK_CAPTURE_AUTORELEASING = YES;
				CLANG_WARN_BOOL_CONVERSION = YES;
				CLANG_WARN_COMMA = YES;
				CLANG_WARN_CONSTANT_CONVERSION = YES;
				CLANG_WARN_DEPRECATED_OBJC_IMPLEMENTATIONS = YES;
				CLANG_WARN_DIRECT_OBJC_ISA_USAGE = YES_ERROR;
				CLANG_WARN_DOCUMENTATION_COMMENTS = YES;
				CLANG_WARN_EMPTY_BODY = YES;
				CLANG_WARN_ENUM_CONVERSION = YES;
				CLANG_WARN_INFINITE_RECURSION = YES;
				CLANG_WARN_INT_CONVERSION = YES;
				CLANG_WARN_NON_LITERAL_NULL_CONVERSION = YES;
				CLANG_WARN_OBJC_IMPLICIT_RETAIN_SELF = YES;
				CLANG_WARN_OBJC_LITERAL_CONVERSION = YES;
				CLANG_WARN_OBJC_ROOT_CLASS = YES_ERROR;
				CLANG_WARN_RANGE_LOOP_ANALYSIS = YES;
				CLANG_WARN_STRICT_PROTOTYPES = YES;
				CLANG_WARN_SUSPICIOUS_MOVE = YES;
				CLANG_WARN_UNGUARDED_AVAILABILITY = YES_AGGRESSIVE;
				CLANG_WARN_UNREACHABLE_CODE = YES;
				CLANG_WARN__DUPLICATE_METHOD_MATCH = YES;
				COPY_PHASE_STRIP = NO;
				DEBUG_INFORMATION_FORMAT = dwarf;
				ENABLE_STRICT_OBJC_MSGSEND = YES;
				ENABLE_TESTABILITY = YES;
				GCC_C_LANGUAGE_STANDARD = gnu11;
				GCC_DYNAMIC_NO_PIC = NO;
				GCC_NO_COMMON_BLOCKS = YES;
				GCC_OPTIMIZATION_LEVEL = 0;
				GCC_PREPROCESSOR_DEFINITIONS = (
					"DEBUG=1",
					"$(inherited)",
				);
				GCC_WARN_64_TO_32_BIT_CONVERSION = YES;
				GCC_WARN_ABOUT_RETURN_TYPE = YES_ERROR;
				GCC_WARN_UNDECLARED_SELECTOR = YES;
				GCC_WARN_UNINITIALIZED_AUTOS = YES_AGGRESSIVE;
				GCC_WARN_UNUSED_FUNCTION = YES;
				GCC_WARN_UNUSED_VARIABLE = YES;
				IPHONEOS_DEPLOYMENT_TARGET = 13.2;
				MTL_ENABLE_DEBUG_INFO = INCLUDE_SOURCE;
				MTL_FAST_MATH = YES;
				ONLY_ACTIVE_ARCH = YES;
				SDKROOT = iphoneos;
				SWIFT_ACTIVE_COMPILATION_CONDITIONS = DEBUG;
				SWIFT_OPTIMIZATION_LEVEL = "-Onone";
			};
			name = Debug;
		};
		7F060C3324240BEB00B3CCDE /* Release */ = {
			isa = XCBuildConfiguration;
			buildSettings = {
				ALWAYS_SEARCH_USER_PATHS = NO;
				CLANG_ANALYZER_NONNULL = YES;
				CLANG_ANALYZER_NUMBER_OBJECT_CONVERSION = YES_AGGRESSIVE;
				CLANG_CXX_LANGUAGE_STANDARD = "gnu++14";
				CLANG_CXX_LIBRARY = "libc++";
				CLANG_ENABLE_MODULES = YES;
				CLANG_ENABLE_OBJC_ARC = YES;
				CLANG_ENABLE_OBJC_WEAK = YES;
				CLANG_WARN_BLOCK_CAPTURE_AUTORELEASING = YES;
				CLANG_WARN_BOOL_CONVERSION = YES;
				CLANG_WARN_COMMA = YES;
				CLANG_WARN_CONSTANT_CONVERSION = YES;
				CLANG_WARN_DEPRECATED_OBJC_IMPLEMENTATIONS = YES;
				CLANG_WARN_DIRECT_OBJC_ISA_USAGE = YES_ERROR;
				CLANG_WARN_DOCUMENTATION_COMMENTS = YES;
				CLANG_WARN_EMPTY_BODY = YES;
				CLANG_WARN_ENUM_CONVERSION = YES;
				CLANG_WARN_INFINITE_RECURSION = YES;
				CLANG_WARN_INT_CONVERSION = YES;
				CLANG_WARN_NON_LITERAL_NULL_CONVERSION = YES;
				CLANG_WARN_OBJC_IMPLICIT_RETAIN_SELF = YES;
				CLANG_WARN_OBJC_LITERAL_CONVERSION = YES;
				CLANG_WARN_OBJC_ROOT_CLASS = YES_ERROR;
				CLANG_WARN_RANGE_LOOP_ANALYSIS = YES;
				CLANG_WARN_STRICT_PROTOTYPES = YES;
				CLANG_WARN_SUSPICIOUS_MOVE = YES;
				CLANG_WARN_UNGUARDED_AVAILABILITY = YES_AGGRESSIVE;
				CLANG_WARN_UNREACHABLE_CODE = YES;
				CLANG_WARN__DUPLICATE_METHOD_MATCH = YES;
				COPY_PHASE_STRIP = NO;
				DEBUG_INFORMATION_FORMAT = "dwarf-with-dsym";
				ENABLE_NS_ASSERTIONS = NO;
				ENABLE_STRICT_OBJC_MSGSEND = YES;
				GCC_C_LANGUAGE_STANDARD = gnu11;
				GCC_NO_COMMON_BLOCKS = YES;
				GCC_WARN_64_TO_32_BIT_CONVERSION = YES;
				GCC_WARN_ABOUT_RETURN_TYPE = YES_ERROR;
				GCC_WARN_UNDECLARED_SELECTOR = YES;
				GCC_WARN_UNINITIALIZED_AUTOS = YES_AGGRESSIVE;
				GCC_WARN_UNUSED_FUNCTION = YES;
				GCC_WARN_UNUSED_VARIABLE = YES;
				IPHONEOS_DEPLOYMENT_TARGET = 13.2;
				MTL_ENABLE_DEBUG_INFO = NO;
				MTL_FAST_MATH = YES;
				SDKROOT = iphoneos;
				SWIFT_COMPILATION_MODE = wholemodule;
				SWIFT_OPTIMIZATION_LEVEL = "-O";
				VALIDATE_PRODUCT = YES;
			};
			name = Release;
		};
		7F060C3524240BEB00B3CCDE /* Debug */ = {
			isa = XCBuildConfiguration;
			buildSettings = {
				ASSETCATALOG_COMPILER_APPICON_NAME = AppIcon;
				CODE_SIGN_IDENTITY = "Apple Development";
				CODE_SIGN_STYLE = Manual;
				DEVELOPMENT_TEAM = "";
				FRAMEWORK_SEARCH_PATHS = "$(inherited)";
				INFOPLIST_FILE = "Sources/Supporting files/Info.plist";
				LD_RUNPATH_SEARCH_PATHS = (
					"$(inherited)",
					"@executable_path/Frameworks",
				);
				PRODUCT_BUNDLE_IDENTIFIER = com.dk.QuickHatchSample;
				PRODUCT_NAME = "$(TARGET_NAME)";
				PROVISIONING_PROFILE_SPECIFIER = "";
				SWIFT_VERSION = 5.0;
				TARGETED_DEVICE_FAMILY = "1,2";
			};
			name = Debug;
		};
		7F060C3624240BEB00B3CCDE /* Release */ = {
			isa = XCBuildConfiguration;
			buildSettings = {
				ASSETCATALOG_COMPILER_APPICON_NAME = AppIcon;
				CODE_SIGN_IDENTITY = "Apple Development";
				CODE_SIGN_STYLE = Manual;
				DEVELOPMENT_TEAM = "";
				FRAMEWORK_SEARCH_PATHS = "$(inherited)";
				INFOPLIST_FILE = "Sources/Supporting files/Info.plist";
				LD_RUNPATH_SEARCH_PATHS = (
					"$(inherited)",
					"@executable_path/Frameworks",
				);
				PRODUCT_BUNDLE_IDENTIFIER = com.dk.QuickHatchSample;
				PRODUCT_NAME = "$(TARGET_NAME)";
				PROVISIONING_PROFILE_SPECIFIER = "";
				SWIFT_VERSION = 5.0;
				TARGETED_DEVICE_FAMILY = "1,2";
			};
			name = Release;
		};
		7F060C3824240BEB00B3CCDE /* Debug */ = {
			isa = XCBuildConfiguration;
			buildSettings = {
				ALWAYS_EMBED_SWIFT_STANDARD_LIBRARIES = YES;
				BUNDLE_LOADER = "$(TEST_HOST)";
				CODE_SIGN_STYLE = Automatic;
				INFOPLIST_FILE = Tests/Info.plist;
				IPHONEOS_DEPLOYMENT_TARGET = 13.2;
				LD_RUNPATH_SEARCH_PATHS = (
					"$(inherited)",
					"@executable_path/Frameworks",
					"@loader_path/Frameworks",
				);
				PRODUCT_BUNDLE_IDENTIFIER = com.dk.QuickHatchSampleTests;
				PRODUCT_NAME = "$(TARGET_NAME)";
				SWIFT_VERSION = 5.0;
				TARGETED_DEVICE_FAMILY = "1,2";
				TEST_HOST = "$(BUILT_PRODUCTS_DIR)/QuickHatchSample.app/QuickHatchSample";
			};
			name = Debug;
		};
		7F060C3924240BEB00B3CCDE /* Release */ = {
			isa = XCBuildConfiguration;
			buildSettings = {
				ALWAYS_EMBED_SWIFT_STANDARD_LIBRARIES = YES;
				BUNDLE_LOADER = "$(TEST_HOST)";
				CODE_SIGN_STYLE = Automatic;
				INFOPLIST_FILE = Tests/Info.plist;
				IPHONEOS_DEPLOYMENT_TARGET = 13.2;
				LD_RUNPATH_SEARCH_PATHS = (
					"$(inherited)",
					"@executable_path/Frameworks",
					"@loader_path/Frameworks",
				);
				PRODUCT_BUNDLE_IDENTIFIER = com.dk.QuickHatchSampleTests;
				PRODUCT_NAME = "$(TARGET_NAME)";
				SWIFT_VERSION = 5.0;
				TARGETED_DEVICE_FAMILY = "1,2";
				TEST_HOST = "$(BUILT_PRODUCTS_DIR)/QuickHatchSample.app/QuickHatchSample";
			};
			name = Release;
		};
/* End XCBuildConfiguration section */

/* Begin XCConfigurationList section */
		7F060C1024240BEA00B3CCDE /* Build configuration list for PBXProject "QuickHatchSample" */ = {
			isa = XCConfigurationList;
			buildConfigurations = (
				7F060C3224240BEB00B3CCDE /* Debug */,
				7F060C3324240BEB00B3CCDE /* Release */,
			);
			defaultConfigurationIsVisible = 0;
			defaultConfigurationName = Release;
		};
		7F060C3424240BEB00B3CCDE /* Build configuration list for PBXNativeTarget "QuickHatchSample" */ = {
			isa = XCConfigurationList;
			buildConfigurations = (
				7F060C3524240BEB00B3CCDE /* Debug */,
				7F060C3624240BEB00B3CCDE /* Release */,
			);
			defaultConfigurationIsVisible = 0;
			defaultConfigurationName = Release;
		};
		7F060C3724240BEB00B3CCDE /* Build configuration list for PBXNativeTarget "QuickHatchSampleTests" */ = {
			isa = XCConfigurationList;
			buildConfigurations = (
				7F060C3824240BEB00B3CCDE /* Debug */,
				7F060C3924240BEB00B3CCDE /* Release */,
			);
			defaultConfigurationIsVisible = 0;
			defaultConfigurationName = Release;
		};
/* End XCConfigurationList section */
	};
	rootObject = 7F060C0D24240BEA00B3CCDE /* Project object */;
}
